// !$*UTF8*$!
{
	archiveVersion = 1;
	classes = {
	};
	objectVersion = 56;
	objects = {

/* Begin PBXBuildFile section */
		57A7CD5F85A704E674D4CF57 /* Pods_HLNimbleiOSChallengeTests.framework in Frameworks */ = {isa = PBXBuildFile; fileRef = E5B76BCF8DBA4B60E2CDCA66 /* Pods_HLNimbleiOSChallengeTests.framework */; };
		76134FBC0F08994727BF2653 /* Pods_HLNimbleiOSChallenge_HLNimbleiOSChallengeUITests.framework in Frameworks */ = {isa = PBXBuildFile; fileRef = AD15A87063B0145680135B97 /* Pods_HLNimbleiOSChallenge_HLNimbleiOSChallengeUITests.framework */; };
		980AB87F2AE6E4C800CFBEBB /* UserStorage.swift in Sources */ = {isa = PBXBuildFile; fileRef = 980AB87E2AE6E4C800CFBEBB /* UserStorage.swift */; };
		980AB8832AE6E51500CFBEBB /* UserDefaultsUserStorage.swift in Sources */ = {isa = PBXBuildFile; fileRef = 980AB8822AE6E51500CFBEBB /* UserDefaultsUserStorage.swift */; };
		980AB8862AE6E5A500CFBEBB /* AuthenticationTokenUDS+Mapping.swift in Sources */ = {isa = PBXBuildFile; fileRef = 980AB8852AE6E5A500CFBEBB /* AuthenticationTokenUDS+Mapping.swift */; };
		980AB8882AE700EB00CFBEBB /* UIViewController+Ext.swift in Sources */ = {isa = PBXBuildFile; fileRef = 980AB8872AE700EB00CFBEBB /* UIViewController+Ext.swift */; };
		980AB88C2AE77A1D00CFBEBB /* HomeViewController.storyboard in Resources */ = {isa = PBXBuildFile; fileRef = 980AB88B2AE77A1D00CFBEBB /* HomeViewController.storyboard */; };
		980AB88E2AE77A2900CFBEBB /* HomeViewController.swift in Sources */ = {isa = PBXBuildFile; fileRef = 980AB88D2AE77A2900CFBEBB /* HomeViewController.swift */; };
		980AB8922AE78A8100CFBEBB /* LoginViewModel.swift in Sources */ = {isa = PBXBuildFile; fileRef = 980AB8912AE78A8100CFBEBB /* LoginViewModel.swift */; };
		980AB8942AE78B9C00CFBEBB /* String+Ext.swift in Sources */ = {isa = PBXBuildFile; fileRef = 980AB8932AE78B9C00CFBEBB /* String+Ext.swift */; };
		980AB8962AE7932C00CFBEBB /* LoginUseCase.swift in Sources */ = {isa = PBXBuildFile; fileRef = 980AB8952AE7932C00CFBEBB /* LoginUseCase.swift */; };
		980AB89C2AE7B6B200CFBEBB /* ThankYouViewController.storyboard in Resources */ = {isa = PBXBuildFile; fileRef = 980AB89B2AE7B6B200CFBEBB /* ThankYouViewController.storyboard */; };
		980AB89E2AE7B6C500CFBEBB /* ThankYouViewController.swift in Sources */ = {isa = PBXBuildFile; fileRef = 980AB89D2AE7B6C500CFBEBB /* ThankYouViewController.swift */; };
		980AB8A62AE7B86700CFBEBB /* SurveyViewController.storyboard in Resources */ = {isa = PBXBuildFile; fileRef = 980AB8A52AE7B86700CFBEBB /* SurveyViewController.storyboard */; };
		980AB8A82AE7B87300CFBEBB /* SurveyViewController.swift in Sources */ = {isa = PBXBuildFile; fileRef = 980AB8A72AE7B87300CFBEBB /* SurveyViewController.swift */; };
		980AB8AA2AE8228A00CFBEBB /* SignInRequestDTO+Mapping.swift in Sources */ = {isa = PBXBuildFile; fileRef = 980AB8A92AE8228A00CFBEBB /* SignInRequestDTO+Mapping.swift */; };
		980AB8B12AE839B600CFBEBB /* InfoSlideView.xib in Resources */ = {isa = PBXBuildFile; fileRef = 980AB8B02AE839B600CFBEBB /* InfoSlideView.xib */; };
		980AB8B32AE83B4200CFBEBB /* InfoSlideView.swift in Sources */ = {isa = PBXBuildFile; fileRef = 980AB8B22AE83B4200CFBEBB /* InfoSlideView.swift */; };
		980AB8B52AE83EA400CFBEBB /* HomeViewModel.swift in Sources */ = {isa = PBXBuildFile; fileRef = 980AB8B42AE83EA400CFBEBB /* HomeViewModel.swift */; };
		980AB8B72AE83F4E00CFBEBB /* HomeUseCase.swift in Sources */ = {isa = PBXBuildFile; fileRef = 980AB8B62AE83F4E00CFBEBB /* HomeUseCase.swift */; };
		980AB8B92AE8425700CFBEBB /* SurveyRepository.swift in Sources */ = {isa = PBXBuildFile; fileRef = 980AB8B82AE8425700CFBEBB /* SurveyRepository.swift */; };
		980AB8BB2AE843A200CFBEBB /* DefaultSurveyRepository.swift in Sources */ = {isa = PBXBuildFile; fileRef = 980AB8BA2AE843A200CFBEBB /* DefaultSurveyRepository.swift */; };
		980AB8BE2AE845A900CFBEBB /* SurveyResponseDTO+Mapping.swift in Sources */ = {isa = PBXBuildFile; fileRef = 980AB8BD2AE845A900CFBEBB /* SurveyResponseDTO+Mapping.swift */; };
		989DA4872AE26D8700054926 /* AppDelegate.swift in Sources */ = {isa = PBXBuildFile; fileRef = 989DA4862AE26D8700054926 /* AppDelegate.swift */; };
		989DA4892AE26D8700054926 /* SceneDelegate.swift in Sources */ = {isa = PBXBuildFile; fileRef = 989DA4882AE26D8700054926 /* SceneDelegate.swift */; };
		989DA4902AE26D8800054926 /* Assets.xcassets in Resources */ = {isa = PBXBuildFile; fileRef = 989DA48F2AE26D8800054926 /* Assets.xcassets */; };
		989DA4932AE26D8800054926 /* LaunchScreen.storyboard in Resources */ = {isa = PBXBuildFile; fileRef = 989DA4912AE26D8800054926 /* LaunchScreen.storyboard */; };
		989DA49E2AE26D8800054926 /* HLNimbleiOSChallengeTests.swift in Sources */ = {isa = PBXBuildFile; fileRef = 989DA49D2AE26D8800054926 /* HLNimbleiOSChallengeTests.swift */; };
		989DA4A82AE26D8800054926 /* HLNimbleiOSChallengeUITests.swift in Sources */ = {isa = PBXBuildFile; fileRef = 989DA4A72AE26D8800054926 /* HLNimbleiOSChallengeUITests.swift */; };
		989DA4AA2AE26D8800054926 /* HLNimbleiOSChallengeUITestsLaunchTests.swift in Sources */ = {isa = PBXBuildFile; fileRef = 989DA4A92AE26D8800054926 /* HLNimbleiOSChallengeUITestsLaunchTests.swift */; };
		989DA4B92AE27FB100054926 /* AppAppearance.swift in Sources */ = {isa = PBXBuildFile; fileRef = 989DA4B82AE27FB100054926 /* AppAppearance.swift */; };
		989DA4BB2AE2840F00054926 /* AppConfigurations.swift in Sources */ = {isa = PBXBuildFile; fileRef = 989DA4BA2AE2840F00054926 /* AppConfigurations.swift */; };
		989DA4C42AE2CE4E00054926 /* LoginViewController.swift in Sources */ = {isa = PBXBuildFile; fileRef = 989DA4C22AE2CE4E00054926 /* LoginViewController.swift */; };
		989DA4CC2AE2D29A00054926 /* ForgotPasswordViewController.swift in Sources */ = {isa = PBXBuildFile; fileRef = 989DA4CA2AE2D29A00054926 /* ForgotPasswordViewController.swift */; };
		989DA4D12AE2D9F600054926 /* CustomTextField.swift in Sources */ = {isa = PBXBuildFile; fileRef = 989DA4D02AE2D9F600054926 /* CustomTextField.swift */; };
		989DA4D32AE2DDD300054926 /* CustomButton.swift in Sources */ = {isa = PBXBuildFile; fileRef = 989DA4D22AE2DDD300054926 /* CustomButton.swift */; };
		989DA4D62AE2E5CB00054926 /* UIColor+Ext.swift in Sources */ = {isa = PBXBuildFile; fileRef = 989DA4D52AE2E5CB00054926 /* UIColor+Ext.swift */; };
		989DA4D92AE2E77F00054926 /* LoadingView.swift in Sources */ = {isa = PBXBuildFile; fileRef = 989DA4D82AE2E77F00054926 /* LoadingView.swift */; };
		989DA4DC2AE2EBC700054926 /* LoginFlowCoordinator.swift in Sources */ = {isa = PBXBuildFile; fileRef = 989DA4DB2AE2EBC700054926 /* LoginFlowCoordinator.swift */; };
		989DA4DE2AE2EC9400054926 /* AppFlowCoordinator.swift in Sources */ = {isa = PBXBuildFile; fileRef = 989DA4DD2AE2EC9400054926 /* AppFlowCoordinator.swift */; };
		989DA4E12AE2ECB800054926 /* AppDIContainer.swift in Sources */ = {isa = PBXBuildFile; fileRef = 989DA4E02AE2ECB800054926 /* AppDIContainer.swift */; };
		989DA4E32AE2EE7500054926 /* LoginSceneDIContainer.swift in Sources */ = {isa = PBXBuildFile; fileRef = 989DA4E22AE2EE7500054926 /* LoginSceneDIContainer.swift */; };
		989DA4E92AE4203500054926 /* DataTransferService.swift in Sources */ = {isa = PBXBuildFile; fileRef = 989DA4E82AE4203500054926 /* DataTransferService.swift */; };
		989DA4EC2AE4218300054926 /* StoryboardInstantiable.swift in Sources */ = {isa = PBXBuildFile; fileRef = 989DA4EB2AE4218300054926 /* StoryboardInstantiable.swift */; };
		989DA4EE2AE42DA800054926 /* Endpoint.swift in Sources */ = {isa = PBXBuildFile; fileRef = 989DA4ED2AE42DA800054926 /* Endpoint.swift */; };
		989DA4F02AE42DC000054926 /* NetworkConfig.swift in Sources */ = {isa = PBXBuildFile; fileRef = 989DA4EF2AE42DC000054926 /* NetworkConfig.swift */; };
		989DA4F22AE42DF300054926 /* NetworkService.swift in Sources */ = {isa = PBXBuildFile; fileRef = 989DA4F12AE42DF300054926 /* NetworkService.swift */; };
		989DA4F42AE42EF600054926 /* LoginViewController.storyboard in Resources */ = {isa = PBXBuildFile; fileRef = 989DA4F32AE42EF600054926 /* LoginViewController.storyboard */; };
		989DA4F62AE430B600054926 /* ForgotPasswordViewController.storyboard in Resources */ = {isa = PBXBuildFile; fileRef = 989DA4F52AE430B600054926 /* ForgotPasswordViewController.storyboard */; };
		989DA4F82AE45CBD00054926 /* HomeSceneDIContainer.swift in Sources */ = {isa = PBXBuildFile; fileRef = 989DA4F72AE45CBD00054926 /* HomeSceneDIContainer.swift */; };
		989DA4FB2AE45D5000054926 /* HomeFlowCoordinator.swift in Sources */ = {isa = PBXBuildFile; fileRef = 989DA4FA2AE45D5000054926 /* HomeFlowCoordinator.swift */; };
		989DA5002AE5336900054926 /* RootViewController.storyboard in Resources */ = {isa = PBXBuildFile; fileRef = 989DA4FF2AE5336900054926 /* RootViewController.storyboard */; };
		989DA5022AE5337C00054926 /* RootViewController.swift in Sources */ = {isa = PBXBuildFile; fileRef = 989DA5012AE5337C00054926 /* RootViewController.swift */; };
		989DA5042AE5399F00054926 /* RootViewModel.swift in Sources */ = {isa = PBXBuildFile; fileRef = 989DA5032AE5399F00054926 /* RootViewModel.swift */; };
		989DA5062AE53EA600054926 /* Observable.swift in Sources */ = {isa = PBXBuildFile; fileRef = 989DA5052AE53EA600054926 /* Observable.swift */; };
		989DA5092AE5F94E00054926 /* ConnectionError.swift in Sources */ = {isa = PBXBuildFile; fileRef = 989DA5082AE5F94E00054926 /* ConnectionError.swift */; };
		989DA50B2AE5F96400054926 /* Cancellable.swift in Sources */ = {isa = PBXBuildFile; fileRef = 989DA50A2AE5F96300054926 /* Cancellable.swift */; };
		989DA50E2AE5FB8800054926 /* RepositoryTask.swift in Sources */ = {isa = PBXBuildFile; fileRef = 989DA50D2AE5FB8800054926 /* RepositoryTask.swift */; };
		989DA5122AE5FC0100054926 /* APIEndpoints.swift in Sources */ = {isa = PBXBuildFile; fileRef = 989DA5112AE5FC0100054926 /* APIEndpoints.swift */; };
		989DA51A2AE5FCE200054926 /* UseCase.swift in Sources */ = {isa = PBXBuildFile; fileRef = 989DA5192AE5FCE200054926 /* UseCase.swift */; };
		989DA51C2AE5FDC400054926 /* Answer.swift in Sources */ = {isa = PBXBuildFile; fileRef = 989DA51B2AE5FDC400054926 /* Answer.swift */; };
		989DA51E2AE5FEEB00054926 /* Question.swift in Sources */ = {isa = PBXBuildFile; fileRef = 989DA51D2AE5FEEB00054926 /* Question.swift */; };
		989DA5202AE5FF2000054926 /* Survey.swift in Sources */ = {isa = PBXBuildFile; fileRef = 989DA51F2AE5FF2000054926 /* Survey.swift */; };
		989DA5222AE6027E00054926 /* LoginModel.swift in Sources */ = {isa = PBXBuildFile; fileRef = 989DA5212AE6027E00054926 /* LoginModel.swift */; };
		989DA5242AE6029500054926 /* HomeModel.swift in Sources */ = {isa = PBXBuildFile; fileRef = 989DA5232AE6029500054926 /* HomeModel.swift */; };
		989DA5332AE631FC00054926 /* RootSceneDIContainer.swift in Sources */ = {isa = PBXBuildFile; fileRef = 989DA5322AE631FC00054926 /* RootSceneDIContainer.swift */; };
		989DA5362AE6351500054926 /* RootFlowCoordinator.swift in Sources */ = {isa = PBXBuildFile; fileRef = 989DA5352AE6351500054926 /* RootFlowCoordinator.swift */; };
		989DA5382AE63D2600054926 /* FetchRecentUserUseCase.swift in Sources */ = {isa = PBXBuildFile; fileRef = 989DA5372AE63D2600054926 /* FetchRecentUserUseCase.swift */; };
		989DA53A2AE6408C00054926 /* UserRepository.swift in Sources */ = {isa = PBXBuildFile; fileRef = 989DA5392AE6408C00054926 /* UserRepository.swift */; };
		989DA53C2AE64C5F00054926 /* DefaultUserRepository.swift in Sources */ = {isa = PBXBuildFile; fileRef = 989DA53B2AE64C5F00054926 /* DefaultUserRepository.swift */; };
		989DA53F2AE6505700054926 /* RefreshTokenRequestDTO+Mapping.swift in Sources */ = {isa = PBXBuildFile; fileRef = 989DA53E2AE6505700054926 /* RefreshTokenRequestDTO+Mapping.swift */; };
		989DA5422AE6517800054926 /* UserResponseStorage.swift in Sources */ = {isa = PBXBuildFile; fileRef = 989DA5412AE6517800054926 /* UserResponseStorage.swift */; };
		989DA5442AE651CA00054926 /* UserResponseDTO+Mapping.swift in Sources */ = {isa = PBXBuildFile; fileRef = 989DA5432AE651CA00054926 /* UserResponseDTO+Mapping.swift */; };
		989DA5462AE656E200054926 /* User.swift in Sources */ = {isa = PBXBuildFile; fileRef = 989DA5452AE656E200054926 /* User.swift */; };
		989DA54A2AE65E2E00054926 /* CoreDataStorage.xcdatamodeld in Sources */ = {isa = PBXBuildFile; fileRef = 989DA5482AE65E2E00054926 /* CoreDataStorage.xcdatamodeld */; };
		989DA54C2AE65E4700054926 /* CoreDataStorage.swift in Sources */ = {isa = PBXBuildFile; fileRef = 989DA54B2AE65E4700054926 /* CoreDataStorage.swift */; };
		989DA54E2AE6605600054926 /* CoreDataUserResponseStorage.swift in Sources */ = {isa = PBXBuildFile; fileRef = 989DA54D2AE6605600054926 /* CoreDataUserResponseStorage.swift */; };
		989DA5512AE6612F00054926 /* UserResponseEntity+Mapping.swift in Sources */ = {isa = PBXBuildFile; fileRef = 989DA5502AE6612F00054926 /* UserResponseEntity+Mapping.swift */; };
		E0CA94F2CFFBA3599FC5CE42 /* Pods_HLNimbleiOSChallenge.framework in Frameworks */ = {isa = PBXBuildFile; fileRef = F636114C543234AB8090B26E /* Pods_HLNimbleiOSChallenge.framework */; };
/* End PBXBuildFile section */

/* Begin PBXContainerItemProxy section */
		989DA49A2AE26D8800054926 /* PBXContainerItemProxy */ = {
			isa = PBXContainerItemProxy;
			containerPortal = 989DA47B2AE26D8700054926 /* Project object */;
			proxyType = 1;
			remoteGlobalIDString = 989DA4822AE26D8700054926;
			remoteInfo = HLNimbleiOSChallenge;
		};
		989DA4A42AE26D8800054926 /* PBXContainerItemProxy */ = {
			isa = PBXContainerItemProxy;
			containerPortal = 989DA47B2AE26D8700054926 /* Project object */;
			proxyType = 1;
			remoteGlobalIDString = 989DA4822AE26D8700054926;
			remoteInfo = HLNimbleiOSChallenge;
		};
/* End PBXContainerItemProxy section */

/* Begin PBXFileReference section */
		00356305B99D16C0CBCEC07B /* Pods-HLNimbleiOSChallenge-HLNimbleiOSChallengeUITests.release.xcconfig */ = {isa = PBXFileReference; includeInIndex = 1; lastKnownFileType = text.xcconfig; name = "Pods-HLNimbleiOSChallenge-HLNimbleiOSChallengeUITests.release.xcconfig"; path = "Target Support Files/Pods-HLNimbleiOSChallenge-HLNimbleiOSChallengeUITests/Pods-HLNimbleiOSChallenge-HLNimbleiOSChallengeUITests.release.xcconfig"; sourceTree = "<group>"; };
		10B7CF9100ABEC8DF95E2187 /* Pods-HLNimbleiOSChallenge.debug.xcconfig */ = {isa = PBXFileReference; includeInIndex = 1; lastKnownFileType = text.xcconfig; name = "Pods-HLNimbleiOSChallenge.debug.xcconfig"; path = "Target Support Files/Pods-HLNimbleiOSChallenge/Pods-HLNimbleiOSChallenge.debug.xcconfig"; sourceTree = "<group>"; };
		1CF12F0DFA57974E93A325D8 /* Pods-HLNimbleiOSChallenge.release.xcconfig */ = {isa = PBXFileReference; includeInIndex = 1; lastKnownFileType = text.xcconfig; name = "Pods-HLNimbleiOSChallenge.release.xcconfig"; path = "Target Support Files/Pods-HLNimbleiOSChallenge/Pods-HLNimbleiOSChallenge.release.xcconfig"; sourceTree = "<group>"; };
		980AB87E2AE6E4C800CFBEBB /* UserStorage.swift */ = {isa = PBXFileReference; lastKnownFileType = sourcecode.swift; path = UserStorage.swift; sourceTree = "<group>"; };
		980AB8822AE6E51500CFBEBB /* UserDefaultsUserStorage.swift */ = {isa = PBXFileReference; lastKnownFileType = sourcecode.swift; path = UserDefaultsUserStorage.swift; sourceTree = "<group>"; };
		980AB8852AE6E5A500CFBEBB /* AuthenticationTokenUDS+Mapping.swift */ = {isa = PBXFileReference; lastKnownFileType = sourcecode.swift; path = "AuthenticationTokenUDS+Mapping.swift"; sourceTree = "<group>"; };
		980AB8872AE700EB00CFBEBB /* UIViewController+Ext.swift */ = {isa = PBXFileReference; lastKnownFileType = sourcecode.swift; path = "UIViewController+Ext.swift"; sourceTree = "<group>"; };
		980AB88B2AE77A1D00CFBEBB /* HomeViewController.storyboard */ = {isa = PBXFileReference; lastKnownFileType = file.storyboard; path = HomeViewController.storyboard; sourceTree = "<group>"; };
		980AB88D2AE77A2900CFBEBB /* HomeViewController.swift */ = {isa = PBXFileReference; lastKnownFileType = sourcecode.swift; path = HomeViewController.swift; sourceTree = "<group>"; };
		980AB8912AE78A8100CFBEBB /* LoginViewModel.swift */ = {isa = PBXFileReference; lastKnownFileType = sourcecode.swift; path = LoginViewModel.swift; sourceTree = "<group>"; };
		980AB8932AE78B9C00CFBEBB /* String+Ext.swift */ = {isa = PBXFileReference; lastKnownFileType = sourcecode.swift; path = "String+Ext.swift"; sourceTree = "<group>"; };
		980AB8952AE7932C00CFBEBB /* LoginUseCase.swift */ = {isa = PBXFileReference; lastKnownFileType = sourcecode.swift; path = LoginUseCase.swift; sourceTree = "<group>"; };
		980AB89B2AE7B6B200CFBEBB /* ThankYouViewController.storyboard */ = {isa = PBXFileReference; lastKnownFileType = file.storyboard; path = ThankYouViewController.storyboard; sourceTree = "<group>"; };
		980AB89D2AE7B6C500CFBEBB /* ThankYouViewController.swift */ = {isa = PBXFileReference; lastKnownFileType = sourcecode.swift; path = ThankYouViewController.swift; sourceTree = "<group>"; };
		980AB8A52AE7B86700CFBEBB /* SurveyViewController.storyboard */ = {isa = PBXFileReference; lastKnownFileType = file.storyboard; path = SurveyViewController.storyboard; sourceTree = "<group>"; };
		980AB8A72AE7B87300CFBEBB /* SurveyViewController.swift */ = {isa = PBXFileReference; lastKnownFileType = sourcecode.swift; path = SurveyViewController.swift; sourceTree = "<group>"; };
		980AB8A92AE8228A00CFBEBB /* SignInRequestDTO+Mapping.swift */ = {isa = PBXFileReference; lastKnownFileType = sourcecode.swift; path = "SignInRequestDTO+Mapping.swift"; sourceTree = "<group>"; };
		980AB8B02AE839B600CFBEBB /* InfoSlideView.xib */ = {isa = PBXFileReference; lastKnownFileType = file.xib; path = InfoSlideView.xib; sourceTree = "<group>"; };
		980AB8B22AE83B4200CFBEBB /* InfoSlideView.swift */ = {isa = PBXFileReference; lastKnownFileType = sourcecode.swift; path = InfoSlideView.swift; sourceTree = "<group>"; };
		980AB8B42AE83EA400CFBEBB /* HomeViewModel.swift */ = {isa = PBXFileReference; lastKnownFileType = sourcecode.swift; path = HomeViewModel.swift; sourceTree = "<group>"; };
		980AB8B62AE83F4E00CFBEBB /* HomeUseCase.swift */ = {isa = PBXFileReference; lastKnownFileType = sourcecode.swift; path = HomeUseCase.swift; sourceTree = "<group>"; };
		980AB8B82AE8425700CFBEBB /* SurveyRepository.swift */ = {isa = PBXFileReference; lastKnownFileType = sourcecode.swift; path = SurveyRepository.swift; sourceTree = "<group>"; };
		980AB8BA2AE843A200CFBEBB /* DefaultSurveyRepository.swift */ = {isa = PBXFileReference; lastKnownFileType = sourcecode.swift; path = DefaultSurveyRepository.swift; sourceTree = "<group>"; };
		980AB8BD2AE845A900CFBEBB /* SurveyResponseDTO+Mapping.swift */ = {isa = PBXFileReference; lastKnownFileType = sourcecode.swift; path = "SurveyResponseDTO+Mapping.swift"; sourceTree = "<group>"; };
		989DA4832AE26D8700054926 /* HLNimbleiOSChallenge.app */ = {isa = PBXFileReference; explicitFileType = wrapper.application; includeInIndex = 0; path = HLNimbleiOSChallenge.app; sourceTree = BUILT_PRODUCTS_DIR; };
		989DA4862AE26D8700054926 /* AppDelegate.swift */ = {isa = PBXFileReference; lastKnownFileType = sourcecode.swift; path = AppDelegate.swift; sourceTree = "<group>"; };
		989DA4882AE26D8700054926 /* SceneDelegate.swift */ = {isa = PBXFileReference; lastKnownFileType = sourcecode.swift; path = SceneDelegate.swift; sourceTree = "<group>"; };
		989DA48F2AE26D8800054926 /* Assets.xcassets */ = {isa = PBXFileReference; lastKnownFileType = folder.assetcatalog; path = Assets.xcassets; sourceTree = "<group>"; };
		989DA4922AE26D8800054926 /* Base */ = {isa = PBXFileReference; lastKnownFileType = file.storyboard; name = Base; path = Base.lproj/LaunchScreen.storyboard; sourceTree = "<group>"; };
		989DA4942AE26D8800054926 /* Info.plist */ = {isa = PBXFileReference; lastKnownFileType = text.plist.xml; path = Info.plist; sourceTree = "<group>"; };
		989DA4992AE26D8800054926 /* HLNimbleiOSChallengeTests.xctest */ = {isa = PBXFileReference; explicitFileType = wrapper.cfbundle; includeInIndex = 0; path = HLNimbleiOSChallengeTests.xctest; sourceTree = BUILT_PRODUCTS_DIR; };
		989DA49D2AE26D8800054926 /* HLNimbleiOSChallengeTests.swift */ = {isa = PBXFileReference; lastKnownFileType = sourcecode.swift; path = HLNimbleiOSChallengeTests.swift; sourceTree = "<group>"; };
		989DA4A32AE26D8800054926 /* HLNimbleiOSChallengeUITests.xctest */ = {isa = PBXFileReference; explicitFileType = wrapper.cfbundle; includeInIndex = 0; path = HLNimbleiOSChallengeUITests.xctest; sourceTree = BUILT_PRODUCTS_DIR; };
		989DA4A72AE26D8800054926 /* HLNimbleiOSChallengeUITests.swift */ = {isa = PBXFileReference; lastKnownFileType = sourcecode.swift; path = HLNimbleiOSChallengeUITests.swift; sourceTree = "<group>"; };
		989DA4A92AE26D8800054926 /* HLNimbleiOSChallengeUITestsLaunchTests.swift */ = {isa = PBXFileReference; lastKnownFileType = sourcecode.swift; path = HLNimbleiOSChallengeUITestsLaunchTests.swift; sourceTree = "<group>"; };
		989DA4B82AE27FB100054926 /* AppAppearance.swift */ = {isa = PBXFileReference; lastKnownFileType = sourcecode.swift; path = AppAppearance.swift; sourceTree = "<group>"; };
		989DA4BA2AE2840F00054926 /* AppConfigurations.swift */ = {isa = PBXFileReference; lastKnownFileType = sourcecode.swift; path = AppConfigurations.swift; sourceTree = "<group>"; };
		989DA4C22AE2CE4E00054926 /* LoginViewController.swift */ = {isa = PBXFileReference; fileEncoding = 4; lastKnownFileType = sourcecode.swift; path = LoginViewController.swift; sourceTree = "<group>"; };
		989DA4CA2AE2D29A00054926 /* ForgotPasswordViewController.swift */ = {isa = PBXFileReference; fileEncoding = 4; lastKnownFileType = sourcecode.swift; path = ForgotPasswordViewController.swift; sourceTree = "<group>"; };
		989DA4D02AE2D9F600054926 /* CustomTextField.swift */ = {isa = PBXFileReference; lastKnownFileType = sourcecode.swift; path = CustomTextField.swift; sourceTree = "<group>"; };
		989DA4D22AE2DDD300054926 /* CustomButton.swift */ = {isa = PBXFileReference; lastKnownFileType = sourcecode.swift; path = CustomButton.swift; sourceTree = "<group>"; };
		989DA4D52AE2E5CB00054926 /* UIColor+Ext.swift */ = {isa = PBXFileReference; lastKnownFileType = sourcecode.swift; path = "UIColor+Ext.swift"; sourceTree = "<group>"; };
		989DA4D82AE2E77F00054926 /* LoadingView.swift */ = {isa = PBXFileReference; lastKnownFileType = sourcecode.swift; path = LoadingView.swift; sourceTree = "<group>"; };
		989DA4DB2AE2EBC700054926 /* LoginFlowCoordinator.swift */ = {isa = PBXFileReference; lastKnownFileType = sourcecode.swift; path = LoginFlowCoordinator.swift; sourceTree = "<group>"; };
		989DA4DD2AE2EC9400054926 /* AppFlowCoordinator.swift */ = {isa = PBXFileReference; lastKnownFileType = sourcecode.swift; path = AppFlowCoordinator.swift; sourceTree = "<group>"; };
		989DA4E02AE2ECB800054926 /* AppDIContainer.swift */ = {isa = PBXFileReference; lastKnownFileType = sourcecode.swift; path = AppDIContainer.swift; sourceTree = "<group>"; };
		989DA4E22AE2EE7500054926 /* LoginSceneDIContainer.swift */ = {isa = PBXFileReference; lastKnownFileType = sourcecode.swift; path = LoginSceneDIContainer.swift; sourceTree = "<group>"; };
		989DA4E82AE4203500054926 /* DataTransferService.swift */ = {isa = PBXFileReference; lastKnownFileType = sourcecode.swift; path = DataTransferService.swift; sourceTree = "<group>"; };
		989DA4EB2AE4218300054926 /* StoryboardInstantiable.swift */ = {isa = PBXFileReference; lastKnownFileType = sourcecode.swift; path = StoryboardInstantiable.swift; sourceTree = "<group>"; };
		989DA4ED2AE42DA800054926 /* Endpoint.swift */ = {isa = PBXFileReference; lastKnownFileType = sourcecode.swift; path = Endpoint.swift; sourceTree = "<group>"; };
		989DA4EF2AE42DC000054926 /* NetworkConfig.swift */ = {isa = PBXFileReference; lastKnownFileType = sourcecode.swift; path = NetworkConfig.swift; sourceTree = "<group>"; };
		989DA4F12AE42DF300054926 /* NetworkService.swift */ = {isa = PBXFileReference; lastKnownFileType = sourcecode.swift; path = NetworkService.swift; sourceTree = "<group>"; };
		989DA4F32AE42EF600054926 /* LoginViewController.storyboard */ = {isa = PBXFileReference; lastKnownFileType = file.storyboard; path = LoginViewController.storyboard; sourceTree = "<group>"; };
		989DA4F52AE430B600054926 /* ForgotPasswordViewController.storyboard */ = {isa = PBXFileReference; lastKnownFileType = file.storyboard; path = ForgotPasswordViewController.storyboard; sourceTree = "<group>"; };
		989DA4F72AE45CBD00054926 /* HomeSceneDIContainer.swift */ = {isa = PBXFileReference; lastKnownFileType = sourcecode.swift; path = HomeSceneDIContainer.swift; sourceTree = "<group>"; };
		989DA4FA2AE45D5000054926 /* HomeFlowCoordinator.swift */ = {isa = PBXFileReference; lastKnownFileType = sourcecode.swift; path = HomeFlowCoordinator.swift; sourceTree = "<group>"; };
		989DA4FF2AE5336900054926 /* RootViewController.storyboard */ = {isa = PBXFileReference; lastKnownFileType = file.storyboard; path = RootViewController.storyboard; sourceTree = "<group>"; };
		989DA5012AE5337C00054926 /* RootViewController.swift */ = {isa = PBXFileReference; lastKnownFileType = sourcecode.swift; path = RootViewController.swift; sourceTree = "<group>"; };
		989DA5032AE5399F00054926 /* RootViewModel.swift */ = {isa = PBXFileReference; lastKnownFileType = sourcecode.swift; path = RootViewModel.swift; sourceTree = "<group>"; };
		989DA5052AE53EA600054926 /* Observable.swift */ = {isa = PBXFileReference; lastKnownFileType = sourcecode.swift; path = Observable.swift; sourceTree = "<group>"; };
		989DA5082AE5F94E00054926 /* ConnectionError.swift */ = {isa = PBXFileReference; lastKnownFileType = sourcecode.swift; path = ConnectionError.swift; sourceTree = "<group>"; };
		989DA50A2AE5F96300054926 /* Cancellable.swift */ = {isa = PBXFileReference; lastKnownFileType = sourcecode.swift; path = Cancellable.swift; sourceTree = "<group>"; };
		989DA50D2AE5FB8800054926 /* RepositoryTask.swift */ = {isa = PBXFileReference; lastKnownFileType = sourcecode.swift; path = RepositoryTask.swift; sourceTree = "<group>"; };
		989DA5112AE5FC0100054926 /* APIEndpoints.swift */ = {isa = PBXFileReference; lastKnownFileType = sourcecode.swift; path = APIEndpoints.swift; sourceTree = "<group>"; };
		989DA5192AE5FCE200054926 /* UseCase.swift */ = {isa = PBXFileReference; lastKnownFileType = sourcecode.swift; path = UseCase.swift; sourceTree = "<group>"; };
		989DA51B2AE5FDC400054926 /* Answer.swift */ = {isa = PBXFileReference; lastKnownFileType = sourcecode.swift; path = Answer.swift; sourceTree = "<group>"; };
		989DA51D2AE5FEEB00054926 /* Question.swift */ = {isa = PBXFileReference; lastKnownFileType = sourcecode.swift; path = Question.swift; sourceTree = "<group>"; };
		989DA51F2AE5FF2000054926 /* Survey.swift */ = {isa = PBXFileReference; lastKnownFileType = sourcecode.swift; path = Survey.swift; sourceTree = "<group>"; };
		989DA5212AE6027E00054926 /* LoginModel.swift */ = {isa = PBXFileReference; lastKnownFileType = sourcecode.swift; path = LoginModel.swift; sourceTree = "<group>"; };
		989DA5232AE6029500054926 /* HomeModel.swift */ = {isa = PBXFileReference; lastKnownFileType = sourcecode.swift; path = HomeModel.swift; sourceTree = "<group>"; };
		989DA5322AE631FC00054926 /* RootSceneDIContainer.swift */ = {isa = PBXFileReference; lastKnownFileType = sourcecode.swift; path = RootSceneDIContainer.swift; sourceTree = "<group>"; };
		989DA5352AE6351500054926 /* RootFlowCoordinator.swift */ = {isa = PBXFileReference; lastKnownFileType = sourcecode.swift; path = RootFlowCoordinator.swift; sourceTree = "<group>"; };
		989DA5372AE63D2600054926 /* FetchRecentUserUseCase.swift */ = {isa = PBXFileReference; lastKnownFileType = sourcecode.swift; path = FetchRecentUserUseCase.swift; sourceTree = "<group>"; };
		989DA5392AE6408C00054926 /* UserRepository.swift */ = {isa = PBXFileReference; lastKnownFileType = sourcecode.swift; path = UserRepository.swift; sourceTree = "<group>"; };
		989DA53B2AE64C5F00054926 /* DefaultUserRepository.swift */ = {isa = PBXFileReference; lastKnownFileType = sourcecode.swift; path = DefaultUserRepository.swift; sourceTree = "<group>"; };
		989DA53E2AE6505700054926 /* RefreshTokenRequestDTO+Mapping.swift */ = {isa = PBXFileReference; lastKnownFileType = sourcecode.swift; path = "RefreshTokenRequestDTO+Mapping.swift"; sourceTree = "<group>"; };
		989DA5412AE6517800054926 /* UserResponseStorage.swift */ = {isa = PBXFileReference; lastKnownFileType = sourcecode.swift; path = UserResponseStorage.swift; sourceTree = "<group>"; };
		989DA5432AE651CA00054926 /* UserResponseDTO+Mapping.swift */ = {isa = PBXFileReference; lastKnownFileType = sourcecode.swift; path = "UserResponseDTO+Mapping.swift"; sourceTree = "<group>"; };
		989DA5452AE656E200054926 /* User.swift */ = {isa = PBXFileReference; lastKnownFileType = sourcecode.swift; path = User.swift; sourceTree = "<group>"; };
		989DA5492AE65E2E00054926 /* CoreDataStorage.xcdatamodel */ = {isa = PBXFileReference; lastKnownFileType = wrapper.xcdatamodel; path = CoreDataStorage.xcdatamodel; sourceTree = "<group>"; };
		989DA54B2AE65E4700054926 /* CoreDataStorage.swift */ = {isa = PBXFileReference; lastKnownFileType = sourcecode.swift; path = CoreDataStorage.swift; sourceTree = "<group>"; };
		989DA54D2AE6605600054926 /* CoreDataUserResponseStorage.swift */ = {isa = PBXFileReference; lastKnownFileType = sourcecode.swift; path = CoreDataUserResponseStorage.swift; sourceTree = "<group>"; };
		989DA5502AE6612F00054926 /* UserResponseEntity+Mapping.swift */ = {isa = PBXFileReference; lastKnownFileType = sourcecode.swift; path = "UserResponseEntity+Mapping.swift"; sourceTree = "<group>"; };
		989DA5522AE663A300054926 /* CoreDataStorage 2.xcdatamodel */ = {isa = PBXFileReference; lastKnownFileType = wrapper.xcdatamodel; path = "CoreDataStorage 2.xcdatamodel"; sourceTree = "<group>"; };
		AD15A87063B0145680135B97 /* Pods_HLNimbleiOSChallenge_HLNimbleiOSChallengeUITests.framework */ = {isa = PBXFileReference; explicitFileType = wrapper.framework; includeInIndex = 0; path = Pods_HLNimbleiOSChallenge_HLNimbleiOSChallengeUITests.framework; sourceTree = BUILT_PRODUCTS_DIR; };
		BFA87B47881D1AD4A201CF7E /* Pods-HLNimbleiOSChallengeTests.release.xcconfig */ = {isa = PBXFileReference; includeInIndex = 1; lastKnownFileType = text.xcconfig; name = "Pods-HLNimbleiOSChallengeTests.release.xcconfig"; path = "Target Support Files/Pods-HLNimbleiOSChallengeTests/Pods-HLNimbleiOSChallengeTests.release.xcconfig"; sourceTree = "<group>"; };
		E5B76BCF8DBA4B60E2CDCA66 /* Pods_HLNimbleiOSChallengeTests.framework */ = {isa = PBXFileReference; explicitFileType = wrapper.framework; includeInIndex = 0; path = Pods_HLNimbleiOSChallengeTests.framework; sourceTree = BUILT_PRODUCTS_DIR; };
		ED8C103A389A357F7246E919 /* Pods-HLNimbleiOSChallengeTests.debug.xcconfig */ = {isa = PBXFileReference; includeInIndex = 1; lastKnownFileType = text.xcconfig; name = "Pods-HLNimbleiOSChallengeTests.debug.xcconfig"; path = "Target Support Files/Pods-HLNimbleiOSChallengeTests/Pods-HLNimbleiOSChallengeTests.debug.xcconfig"; sourceTree = "<group>"; };
		F129BA343A4B65F945346A30 /* Pods-HLNimbleiOSChallenge-HLNimbleiOSChallengeUITests.debug.xcconfig */ = {isa = PBXFileReference; includeInIndex = 1; lastKnownFileType = text.xcconfig; name = "Pods-HLNimbleiOSChallenge-HLNimbleiOSChallengeUITests.debug.xcconfig"; path = "Target Support Files/Pods-HLNimbleiOSChallenge-HLNimbleiOSChallengeUITests/Pods-HLNimbleiOSChallenge-HLNimbleiOSChallengeUITests.debug.xcconfig"; sourceTree = "<group>"; };
		F636114C543234AB8090B26E /* Pods_HLNimbleiOSChallenge.framework */ = {isa = PBXFileReference; explicitFileType = wrapper.framework; includeInIndex = 0; path = Pods_HLNimbleiOSChallenge.framework; sourceTree = BUILT_PRODUCTS_DIR; };
/* End PBXFileReference section */

/* Begin PBXFrameworksBuildPhase section */
		989DA4802AE26D8700054926 /* Frameworks */ = {
			isa = PBXFrameworksBuildPhase;
			buildActionMask = 2147483647;
			files = (
				E0CA94F2CFFBA3599FC5CE42 /* Pods_HLNimbleiOSChallenge.framework in Frameworks */,
			);
			runOnlyForDeploymentPostprocessing = 0;
		};
		989DA4962AE26D8800054926 /* Frameworks */ = {
			isa = PBXFrameworksBuildPhase;
			buildActionMask = 2147483647;
			files = (
				57A7CD5F85A704E674D4CF57 /* Pods_HLNimbleiOSChallengeTests.framework in Frameworks */,
			);
			runOnlyForDeploymentPostprocessing = 0;
		};
		989DA4A02AE26D8800054926 /* Frameworks */ = {
			isa = PBXFrameworksBuildPhase;
			buildActionMask = 2147483647;
			files = (
				76134FBC0F08994727BF2653 /* Pods_HLNimbleiOSChallenge_HLNimbleiOSChallengeUITests.framework in Frameworks */,
			);
			runOnlyForDeploymentPostprocessing = 0;
		};
/* End PBXFrameworksBuildPhase section */

/* Begin PBXGroup section */
		5C4A8D871CBB1F6A0A4127B4 /* Pods */ = {
			isa = PBXGroup;
			children = (
				10B7CF9100ABEC8DF95E2187 /* Pods-HLNimbleiOSChallenge.debug.xcconfig */,
				1CF12F0DFA57974E93A325D8 /* Pods-HLNimbleiOSChallenge.release.xcconfig */,
				F129BA343A4B65F945346A30 /* Pods-HLNimbleiOSChallenge-HLNimbleiOSChallengeUITests.debug.xcconfig */,
				00356305B99D16C0CBCEC07B /* Pods-HLNimbleiOSChallenge-HLNimbleiOSChallengeUITests.release.xcconfig */,
				ED8C103A389A357F7246E919 /* Pods-HLNimbleiOSChallengeTests.debug.xcconfig */,
				BFA87B47881D1AD4A201CF7E /* Pods-HLNimbleiOSChallengeTests.release.xcconfig */,
			);
			path = Pods;
			sourceTree = "<group>";
		};
		980AB87D2AE6E4A300CFBEBB /* UserStorage */ = {
			isa = PBXGroup;
			children = (
				980AB8812AE6E4F500CFBEBB /* UserDefaultsStorage */,
				980AB8802AE6E4E500CFBEBB /* CoreDataStorage */,
				980AB87E2AE6E4C800CFBEBB /* UserStorage.swift */,
			);
			path = UserStorage;
			sourceTree = "<group>";
		};
		980AB8802AE6E4E500CFBEBB /* CoreDataStorage */ = {
			isa = PBXGroup;
			children = (
			);
			path = CoreDataStorage;
			sourceTree = "<group>";
		};
		980AB8812AE6E4F500CFBEBB /* UserDefaultsStorage */ = {
			isa = PBXGroup;
			children = (
				980AB8842AE6E57F00CFBEBB /* DataMapping */,
				980AB8822AE6E51500CFBEBB /* UserDefaultsUserStorage.swift */,
			);
			path = UserDefaultsStorage;
			sourceTree = "<group>";
		};
		980AB8842AE6E57F00CFBEBB /* DataMapping */ = {
			isa = PBXGroup;
			children = (
				980AB8852AE6E5A500CFBEBB /* AuthenticationTokenUDS+Mapping.swift */,
			);
			path = DataMapping;
			sourceTree = "<group>";
		};
		980AB8892AE779E200CFBEBB /* ViewModel */ = {
			isa = PBXGroup;
			children = (
				980AB8B42AE83EA400CFBEBB /* HomeViewModel.swift */,
			);
			name = ViewModel;
			sourceTree = "<group>";
		};
		980AB88A2AE779EC00CFBEBB /* View */ = {
			isa = PBXGroup;
			children = (
				980AB88D2AE77A2900CFBEBB /* HomeViewController.swift */,
				980AB88B2AE77A1D00CFBEBB /* HomeViewController.storyboard */,
				980AB8C12AE8ADB400CFBEBB /* AllSurveysView */,
			);
			path = View;
			sourceTree = "<group>";
		};
		980AB8902AE78A6E00CFBEBB /* ViewModel */ = {
			isa = PBXGroup;
			children = (
				980AB8912AE78A8100CFBEBB /* LoginViewModel.swift */,
			);
			path = ViewModel;
			sourceTree = "<group>";
		};
		980AB8992AE7B66F00CFBEBB /* SurveyScene */ = {
			isa = PBXGroup;
			children = (
				980AB8A42AE7B84D00CFBEBB /* Flows */,
				980AB8A32AE7B84700CFBEBB /* ViewModel */,
				980AB8A22AE7B84100CFBEBB /* View */,
			);
			path = SurveyScene;
			sourceTree = "<group>";
		};
		980AB89A2AE7B68B00CFBEBB /* ThankYouScene */ = {
			isa = PBXGroup;
			children = (
				980AB8A12AE7B6E500CFBEBB /* Flows */,
				980AB89F2AE7B6CD00CFBEBB /* ViewModel */,
				980AB8A02AE7B6D600CFBEBB /* View */,
			);
			path = ThankYouScene;
			sourceTree = "<group>";
		};
		980AB89F2AE7B6CD00CFBEBB /* ViewModel */ = {
			isa = PBXGroup;
			children = (
			);
			path = ViewModel;
			sourceTree = "<group>";
		};
		980AB8A02AE7B6D600CFBEBB /* View */ = {
			isa = PBXGroup;
			children = (
				980AB89D2AE7B6C500CFBEBB /* ThankYouViewController.swift */,
				980AB89B2AE7B6B200CFBEBB /* ThankYouViewController.storyboard */,
			);
			path = View;
			sourceTree = "<group>";
		};
		980AB8A12AE7B6E500CFBEBB /* Flows */ = {
			isa = PBXGroup;
			children = (
			);
			path = Flows;
			sourceTree = "<group>";
		};
		980AB8A22AE7B84100CFBEBB /* View */ = {
			isa = PBXGroup;
			children = (
				980AB8A72AE7B87300CFBEBB /* SurveyViewController.swift */,
				980AB8A52AE7B86700CFBEBB /* SurveyViewController.storyboard */,
			);
			path = View;
			sourceTree = "<group>";
		};
		980AB8A32AE7B84700CFBEBB /* ViewModel */ = {
			isa = PBXGroup;
			children = (
			);
			path = ViewModel;
			sourceTree = "<group>";
		};
		980AB8A42AE7B84D00CFBEBB /* Flows */ = {
			isa = PBXGroup;
			children = (
			);
			path = Flows;
			sourceTree = "<group>";
		};
		980AB8AB2AE8310700CFBEBB /* Authentication */ = {
			isa = PBXGroup;
			children = (
				989DA53E2AE6505700054926 /* RefreshTokenRequestDTO+Mapping.swift */,
				980AB8A92AE8228A00CFBEBB /* SignInRequestDTO+Mapping.swift */,
				989DA5432AE651CA00054926 /* UserResponseDTO+Mapping.swift */,
			);
			path = Authentication;
			sourceTree = "<group>";
		};
		980AB8BC2AE8456500CFBEBB /* Survey */ = {
			isa = PBXGroup;
			children = (
				980AB8BD2AE845A900CFBEBB /* SurveyResponseDTO+Mapping.swift */,
			);
			path = Survey;
			sourceTree = "<group>";
		};
		980AB8C12AE8ADB400CFBEBB /* AllSurveysView */ = {
			isa = PBXGroup;
			children = (
				980AB8B22AE83B4200CFBEBB /* InfoSlideView.swift */,
				980AB8B02AE839B600CFBEBB /* InfoSlideView.xib */,
			);
			path = AllSurveysView;
			sourceTree = "<group>";
		};
		989DA47A2AE26D8700054926 = {
			isa = PBXGroup;
			children = (
				989DA4852AE26D8700054926 /* HLNimbleiOSChallenge */,
				989DA49C2AE26D8800054926 /* HLNimbleiOSChallengeTests */,
				989DA4A62AE26D8800054926 /* HLNimbleiOSChallengeUITests */,
				989DA4842AE26D8700054926 /* Products */,
				5C4A8D871CBB1F6A0A4127B4 /* Pods */,
				EFBF3B37F64F6EDAC563E122 /* Frameworks */,
			);
			sourceTree = "<group>";
		};
		989DA4842AE26D8700054926 /* Products */ = {
			isa = PBXGroup;
			children = (
				989DA4832AE26D8700054926 /* HLNimbleiOSChallenge.app */,
				989DA4992AE26D8800054926 /* HLNimbleiOSChallengeTests.xctest */,
				989DA4A32AE26D8800054926 /* HLNimbleiOSChallengeUITests.xctest */,
			);
			name = Products;
			sourceTree = "<group>";
		};
		989DA4852AE26D8700054926 /* HLNimbleiOSChallenge */ = {
			isa = PBXGroup;
			children = (
				989DA4B72AE27F6B00054926 /* Application */,
				989DA4BC2AE2CCD100054926 /* Presentation */,
				989DA4E42AE41FE100054926 /* Domain */,
				989DA4E52AE41FF000054926 /* Data */,
				989DA4E62AE41FF700054926 /* Infrastructure */,
				989DA5072AE5F93900054926 /* Common */,
				989DA4B62AE27EA300054926 /* Resources */,
			);
			path = HLNimbleiOSChallenge;
			sourceTree = "<group>";
		};
		989DA49C2AE26D8800054926 /* HLNimbleiOSChallengeTests */ = {
			isa = PBXGroup;
			children = (
				989DA49D2AE26D8800054926 /* HLNimbleiOSChallengeTests.swift */,
			);
			path = HLNimbleiOSChallengeTests;
			sourceTree = "<group>";
		};
		989DA4A62AE26D8800054926 /* HLNimbleiOSChallengeUITests */ = {
			isa = PBXGroup;
			children = (
				989DA4A72AE26D8800054926 /* HLNimbleiOSChallengeUITests.swift */,
				989DA4A92AE26D8800054926 /* HLNimbleiOSChallengeUITestsLaunchTests.swift */,
			);
			path = HLNimbleiOSChallengeUITests;
			sourceTree = "<group>";
		};
		989DA4B62AE27EA300054926 /* Resources */ = {
			isa = PBXGroup;
			children = (
				989DA48F2AE26D8800054926 /* Assets.xcassets */,
				989DA4912AE26D8800054926 /* LaunchScreen.storyboard */,
				989DA4942AE26D8800054926 /* Info.plist */,
			);
			path = Resources;
			sourceTree = "<group>";
		};
		989DA4B72AE27F6B00054926 /* Application */ = {
			isa = PBXGroup;
			children = (
				989DA4882AE26D8700054926 /* SceneDelegate.swift */,
				989DA4862AE26D8700054926 /* AppDelegate.swift */,
				989DA4B82AE27FB100054926 /* AppAppearance.swift */,
				989DA4BA2AE2840F00054926 /* AppConfigurations.swift */,
				989DA4DD2AE2EC9400054926 /* AppFlowCoordinator.swift */,
				989DA4DF2AE2ECA300054926 /* DIContainer */,
			);
			path = Application;
			sourceTree = "<group>";
		};
		989DA4BC2AE2CCD100054926 /* Presentation */ = {
			isa = PBXGroup;
			children = (
				989DA4FC2AE5306800054926 /* AppScene */,
				989DA4BD2AE2CD3F00054926 /* Authentication */,
				989DA4CF2AE2D9BF00054926 /* HomeScene */,
				980AB8992AE7B66F00CFBEBB /* SurveyScene */,
				980AB89A2AE7B68B00CFBEBB /* ThankYouScene */,
				989DA4CE2AE2D9B100054926 /* Utils */,
			);
			path = Presentation;
			sourceTree = "<group>";
		};
		989DA4BD2AE2CD3F00054926 /* Authentication */ = {
			isa = PBXGroup;
			children = (
				989DA4BF2AE2CDB500054926 /* ForgotPassword */,
				989DA4BE2AE2CDA300054926 /* Login */,
			);
			path = Authentication;
			sourceTree = "<group>";
		};
		989DA4BE2AE2CDA300054926 /* Login */ = {
			isa = PBXGroup;
			children = (
				989DA4DA2AE2EAE300054926 /* Flows */,
				980AB8902AE78A6E00CFBEBB /* ViewModel */,
				989DA4C02AE2CDC800054926 /* View */,
			);
			path = Login;
			sourceTree = "<group>";
		};
		989DA4BF2AE2CDB500054926 /* ForgotPassword */ = {
			isa = PBXGroup;
			children = (
				989DA4C92AE2D28E00054926 /* ViewModel */,
				989DA4C82AE2D28800054926 /* View */,
			);
			path = ForgotPassword;
			sourceTree = "<group>";
		};
		989DA4C02AE2CDC800054926 /* View */ = {
			isa = PBXGroup;
			children = (
				989DA4C22AE2CE4E00054926 /* LoginViewController.swift */,
				989DA4F32AE42EF600054926 /* LoginViewController.storyboard */,
			);
			path = View;
			sourceTree = "<group>";
		};
		989DA4C82AE2D28800054926 /* View */ = {
			isa = PBXGroup;
			children = (
				989DA4CA2AE2D29A00054926 /* ForgotPasswordViewController.swift */,
				989DA4F52AE430B600054926 /* ForgotPasswordViewController.storyboard */,
			);
			path = View;
			sourceTree = "<group>";
		};
		989DA4C92AE2D28E00054926 /* ViewModel */ = {
			isa = PBXGroup;
			children = (
			);
			path = ViewModel;
			sourceTree = "<group>";
		};
		989DA4CE2AE2D9B100054926 /* Utils */ = {
			isa = PBXGroup;
			children = (
				989DA4EA2AE4217400054926 /* Protocols */,
				989DA4D42AE2E5B000054926 /* Extensions */,
				989DA4D72AE2E76D00054926 /* Customized */,
				989DA4D82AE2E77F00054926 /* LoadingView.swift */,
				989DA5052AE53EA600054926 /* Observable.swift */,
			);
			path = Utils;
			sourceTree = "<group>";
		};
		989DA4CF2AE2D9BF00054926 /* HomeScene */ = {
			isa = PBXGroup;
			children = (
				989DA4F92AE45D3300054926 /* Flows */,
				980AB8892AE779E200CFBEBB /* ViewModel */,
				980AB88A2AE779EC00CFBEBB /* View */,
			);
			path = HomeScene;
			sourceTree = "<group>";
		};
		989DA4D42AE2E5B000054926 /* Extensions */ = {
			isa = PBXGroup;
			children = (
				989DA4D52AE2E5CB00054926 /* UIColor+Ext.swift */,
				980AB8872AE700EB00CFBEBB /* UIViewController+Ext.swift */,
				980AB8932AE78B9C00CFBEBB /* String+Ext.swift */,
			);
			path = Extensions;
			sourceTree = "<group>";
		};
		989DA4D72AE2E76D00054926 /* Customized */ = {
			isa = PBXGroup;
			children = (
				989DA4D02AE2D9F600054926 /* CustomTextField.swift */,
				989DA4D22AE2DDD300054926 /* CustomButton.swift */,
			);
			path = Customized;
			sourceTree = "<group>";
		};
		989DA4DA2AE2EAE300054926 /* Flows */ = {
			isa = PBXGroup;
			children = (
				989DA4DB2AE2EBC700054926 /* LoginFlowCoordinator.swift */,
			);
			path = Flows;
			sourceTree = "<group>";
		};
		989DA4DF2AE2ECA300054926 /* DIContainer */ = {
			isa = PBXGroup;
			children = (
				989DA4E02AE2ECB800054926 /* AppDIContainer.swift */,
				989DA5322AE631FC00054926 /* RootSceneDIContainer.swift */,
				989DA4E22AE2EE7500054926 /* LoginSceneDIContainer.swift */,
				989DA4F72AE45CBD00054926 /* HomeSceneDIContainer.swift */,
			);
			path = DIContainer;
			sourceTree = "<group>";
		};
		989DA4E42AE41FE100054926 /* Domain */ = {
			isa = PBXGroup;
			children = (
				989DA5162AE5FCBD00054926 /* Entities */,
				989DA5152AE5FCB500054926 /* UseCases */,
				989DA5142AE5FC9A00054926 /* Interfaces */,
			);
			path = Domain;
			sourceTree = "<group>";
		};
		989DA4E52AE41FF000054926 /* Data */ = {
			isa = PBXGroup;
			children = (
				989DA50F2AE5FBCD00054926 /* Repositories */,
				989DA5102AE5FBF000054926 /* Network */,
				989DA5132AE5FC5D00054926 /* PersistentStorages */,
			);
			path = Data;
			sourceTree = "<group>";
		};
		989DA4E62AE41FF700054926 /* Infrastructure */ = {
			isa = PBXGroup;
			children = (
				989DA4E72AE4202300054926 /* Network */,
			);
			path = Infrastructure;
			sourceTree = "<group>";
		};
		989DA4E72AE4202300054926 /* Network */ = {
			isa = PBXGroup;
			children = (
				989DA4E82AE4203500054926 /* DataTransferService.swift */,
				989DA4F12AE42DF300054926 /* NetworkService.swift */,
				989DA4ED2AE42DA800054926 /* Endpoint.swift */,
				989DA4EF2AE42DC000054926 /* NetworkConfig.swift */,
			);
			path = Network;
			sourceTree = "<group>";
		};
		989DA4EA2AE4217400054926 /* Protocols */ = {
			isa = PBXGroup;
			children = (
				989DA4EB2AE4218300054926 /* StoryboardInstantiable.swift */,
			);
			path = Protocols;
			sourceTree = "<group>";
		};
		989DA4F92AE45D3300054926 /* Flows */ = {
			isa = PBXGroup;
			children = (
				989DA4FA2AE45D5000054926 /* HomeFlowCoordinator.swift */,
			);
			path = Flows;
			sourceTree = "<group>";
		};
		989DA4FC2AE5306800054926 /* AppScene */ = {
			isa = PBXGroup;
			children = (
				989DA5342AE6350900054926 /* Flows */,
				989DA4FD2AE530D300054926 /* ViewModel */,
				989DA4FE2AE530DA00054926 /* View */,
			);
			path = AppScene;
			sourceTree = "<group>";
		};
		989DA4FD2AE530D300054926 /* ViewModel */ = {
			isa = PBXGroup;
			children = (
				989DA5032AE5399F00054926 /* RootViewModel.swift */,
			);
			path = ViewModel;
			sourceTree = "<group>";
		};
		989DA4FE2AE530DA00054926 /* View */ = {
			isa = PBXGroup;
			children = (
				989DA5012AE5337C00054926 /* RootViewController.swift */,
				989DA4FF2AE5336900054926 /* RootViewController.storyboard */,
			);
			path = View;
			sourceTree = "<group>";
		};
		989DA5072AE5F93900054926 /* Common */ = {
			isa = PBXGroup;
			children = (
				989DA5082AE5F94E00054926 /* ConnectionError.swift */,
				989DA50A2AE5F96300054926 /* Cancellable.swift */,
			);
			path = Common;
			sourceTree = "<group>";
		};
		989DA50C2AE5FB7D00054926 /* Utils */ = {
			isa = PBXGroup;
			children = (
				989DA50D2AE5FB8800054926 /* RepositoryTask.swift */,
			);
			path = Utils;
			sourceTree = "<group>";
		};
		989DA50F2AE5FBCD00054926 /* Repositories */ = {
			isa = PBXGroup;
			children = (
				989DA53B2AE64C5F00054926 /* DefaultUserRepository.swift */,
				980AB8BA2AE843A200CFBEBB /* DefaultSurveyRepository.swift */,
				989DA50C2AE5FB7D00054926 /* Utils */,
			);
			path = Repositories;
			sourceTree = "<group>";
		};
		989DA5102AE5FBF000054926 /* Network */ = {
			isa = PBXGroup;
			children = (
				989DA53D2AE6503000054926 /* DataMapping */,
				989DA5112AE5FC0100054926 /* APIEndpoints.swift */,
			);
			path = Network;
			sourceTree = "<group>";
		};
		989DA5132AE5FC5D00054926 /* PersistentStorages */ = {
			isa = PBXGroup;
			children = (
				980AB87D2AE6E4A300CFBEBB /* UserStorage */,
				989DA5402AE6515C00054926 /* UserResponseStorage */,
				989DA5472AE65DFD00054926 /* CoreDataStorage */,
			);
			path = PersistentStorages;
			sourceTree = "<group>";
		};
		989DA5142AE5FC9A00054926 /* Interfaces */ = {
			isa = PBXGroup;
			children = (
				989DA5172AE5FCC800054926 /* Repositories */,
			);
			path = Interfaces;
			sourceTree = "<group>";
		};
		989DA5152AE5FCB500054926 /* UseCases */ = {
			isa = PBXGroup;
			children = (
				989DA5372AE63D2600054926 /* FetchRecentUserUseCase.swift */,
				980AB8952AE7932C00CFBEBB /* LoginUseCase.swift */,
				980AB8B62AE83F4E00CFBEBB /* HomeUseCase.swift */,
				989DA5182AE5FCD400054926 /* Protocol */,
			);
			path = UseCases;
			sourceTree = "<group>";
		};
		989DA5162AE5FCBD00054926 /* Entities */ = {
			isa = PBXGroup;
			children = (
				989DA51D2AE5FEEB00054926 /* Question.swift */,
				989DA51B2AE5FDC400054926 /* Answer.swift */,
				989DA51F2AE5FF2000054926 /* Survey.swift */,
				989DA5452AE656E200054926 /* User.swift */,
				989DA5212AE6027E00054926 /* LoginModel.swift */,
				989DA5232AE6029500054926 /* HomeModel.swift */,
			);
			path = Entities;
			sourceTree = "<group>";
		};
		989DA5172AE5FCC800054926 /* Repositories */ = {
			isa = PBXGroup;
			children = (
				989DA5392AE6408C00054926 /* UserRepository.swift */,
				980AB8B82AE8425700CFBEBB /* SurveyRepository.swift */,
			);
			path = Repositories;
			sourceTree = "<group>";
		};
		989DA5182AE5FCD400054926 /* Protocol */ = {
			isa = PBXGroup;
			children = (
				989DA5192AE5FCE200054926 /* UseCase.swift */,
			);
			path = Protocol;
			sourceTree = "<group>";
		};
		989DA5342AE6350900054926 /* Flows */ = {
			isa = PBXGroup;
			children = (
				989DA5352AE6351500054926 /* RootFlowCoordinator.swift */,
			);
			path = Flows;
			sourceTree = "<group>";
		};
		989DA53D2AE6503000054926 /* DataMapping */ = {
			isa = PBXGroup;
			children = (
				980AB8AB2AE8310700CFBEBB /* Authentication */,
				980AB8BC2AE8456500CFBEBB /* Survey */,
			);
			path = DataMapping;
			sourceTree = "<group>";
		};
		989DA5402AE6515C00054926 /* UserResponseStorage */ = {
			isa = PBXGroup;
			children = (
				989DA5412AE6517800054926 /* UserResponseStorage.swift */,
				989DA54D2AE6605600054926 /* CoreDataUserResponseStorage.swift */,
				989DA54F2AE6610F00054926 /* EntityMapping */,
			);
			path = UserResponseStorage;
			sourceTree = "<group>";
		};
		989DA5472AE65DFD00054926 /* CoreDataStorage */ = {
			isa = PBXGroup;
			children = (
				989DA5482AE65E2E00054926 /* CoreDataStorage.xcdatamodeld */,
				989DA54B2AE65E4700054926 /* CoreDataStorage.swift */,
			);
			path = CoreDataStorage;
			sourceTree = "<group>";
		};
		989DA54F2AE6610F00054926 /* EntityMapping */ = {
			isa = PBXGroup;
			children = (
				989DA5502AE6612F00054926 /* UserResponseEntity+Mapping.swift */,
			);
			path = EntityMapping;
			sourceTree = "<group>";
		};
		EFBF3B37F64F6EDAC563E122 /* Frameworks */ = {
			isa = PBXGroup;
			children = (
				F636114C543234AB8090B26E /* Pods_HLNimbleiOSChallenge.framework */,
				AD15A87063B0145680135B97 /* Pods_HLNimbleiOSChallenge_HLNimbleiOSChallengeUITests.framework */,
				E5B76BCF8DBA4B60E2CDCA66 /* Pods_HLNimbleiOSChallengeTests.framework */,
			);
			name = Frameworks;
			sourceTree = "<group>";
		};
/* End PBXGroup section */

/* Begin PBXNativeTarget section */
		989DA4822AE26D8700054926 /* HLNimbleiOSChallenge */ = {
			isa = PBXNativeTarget;
			buildConfigurationList = 989DA4AD2AE26D8800054926 /* Build configuration list for PBXNativeTarget "HLNimbleiOSChallenge" */;
			buildPhases = (
				1736A51363BC3C2C222AF6A6 /* [CP] Check Pods Manifest.lock */,
				989DA47F2AE26D8700054926 /* Sources */,
				989DA4802AE26D8700054926 /* Frameworks */,
				989DA4812AE26D8700054926 /* Resources */,
				643F7411C8B9ACB463A32D49 /* [CP] Embed Pods Frameworks */,
			);
			buildRules = (
			);
			dependencies = (
			);
			name = HLNimbleiOSChallenge;
			productName = HLNimbleiOSChallenge;
			productReference = 989DA4832AE26D8700054926 /* HLNimbleiOSChallenge.app */;
			productType = "com.apple.product-type.application";
		};
		989DA4982AE26D8800054926 /* HLNimbleiOSChallengeTests */ = {
			isa = PBXNativeTarget;
			buildConfigurationList = 989DA4B02AE26D8800054926 /* Build configuration list for PBXNativeTarget "HLNimbleiOSChallengeTests" */;
			buildPhases = (
				89A2A12628F1ED657248A9D1 /* [CP] Check Pods Manifest.lock */,
				989DA4952AE26D8800054926 /* Sources */,
				989DA4962AE26D8800054926 /* Frameworks */,
				989DA4972AE26D8800054926 /* Resources */,
			);
			buildRules = (
			);
			dependencies = (
				989DA49B2AE26D8800054926 /* PBXTargetDependency */,
			);
			name = HLNimbleiOSChallengeTests;
			productName = HLNimbleiOSChallengeTests;
			productReference = 989DA4992AE26D8800054926 /* HLNimbleiOSChallengeTests.xctest */;
			productType = "com.apple.product-type.bundle.unit-test";
		};
		989DA4A22AE26D8800054926 /* HLNimbleiOSChallengeUITests */ = {
			isa = PBXNativeTarget;
			buildConfigurationList = 989DA4B32AE26D8800054926 /* Build configuration list for PBXNativeTarget "HLNimbleiOSChallengeUITests" */;
			buildPhases = (
				8C76FC5CE54AB943B2170D37 /* [CP] Check Pods Manifest.lock */,
				989DA49F2AE26D8800054926 /* Sources */,
				989DA4A02AE26D8800054926 /* Frameworks */,
				989DA4A12AE26D8800054926 /* Resources */,
				13F84571565E2D129D9D76BB /* [CP] Embed Pods Frameworks */,
			);
			buildRules = (
			);
			dependencies = (
				989DA4A52AE26D8800054926 /* PBXTargetDependency */,
			);
			name = HLNimbleiOSChallengeUITests;
			productName = HLNimbleiOSChallengeUITests;
			productReference = 989DA4A32AE26D8800054926 /* HLNimbleiOSChallengeUITests.xctest */;
			productType = "com.apple.product-type.bundle.ui-testing";
		};
/* End PBXNativeTarget section */

/* Begin PBXProject section */
		989DA47B2AE26D8700054926 /* Project object */ = {
			isa = PBXProject;
			attributes = {
				BuildIndependentTargetsInParallel = 1;
				LastSwiftUpdateCheck = 1430;
				LastUpgradeCheck = 1430;
				TargetAttributes = {
					989DA4822AE26D8700054926 = {
						CreatedOnToolsVersion = 14.3.1;
					};
					989DA4982AE26D8800054926 = {
						CreatedOnToolsVersion = 14.3.1;
						TestTargetID = 989DA4822AE26D8700054926;
					};
					989DA4A22AE26D8800054926 = {
						CreatedOnToolsVersion = 14.3.1;
						TestTargetID = 989DA4822AE26D8700054926;
					};
				};
			};
			buildConfigurationList = 989DA47E2AE26D8700054926 /* Build configuration list for PBXProject "HLNimbleiOSChallenge" */;
			compatibilityVersion = "Xcode 14.0";
			developmentRegion = en;
			hasScannedForEncodings = 0;
			knownRegions = (
				en,
				Base,
			);
			mainGroup = 989DA47A2AE26D8700054926;
			productRefGroup = 989DA4842AE26D8700054926 /* Products */;
			projectDirPath = "";
			projectRoot = "";
			targets = (
				989DA4822AE26D8700054926 /* HLNimbleiOSChallenge */,
				989DA4982AE26D8800054926 /* HLNimbleiOSChallengeTests */,
				989DA4A22AE26D8800054926 /* HLNimbleiOSChallengeUITests */,
			);
		};
/* End PBXProject section */

/* Begin PBXResourcesBuildPhase section */
		989DA4812AE26D8700054926 /* Resources */ = {
			isa = PBXResourcesBuildPhase;
			buildActionMask = 2147483647;
			files = (
				989DA4932AE26D8800054926 /* LaunchScreen.storyboard in Resources */,
				989DA4F62AE430B600054926 /* ForgotPasswordViewController.storyboard in Resources */,
				980AB89C2AE7B6B200CFBEBB /* ThankYouViewController.storyboard in Resources */,
				980AB8B12AE839B600CFBEBB /* InfoSlideView.xib in Resources */,
				980AB8A62AE7B86700CFBEBB /* SurveyViewController.storyboard in Resources */,
				980AB88C2AE77A1D00CFBEBB /* HomeViewController.storyboard in Resources */,
				989DA4F42AE42EF600054926 /* LoginViewController.storyboard in Resources */,
				989DA5002AE5336900054926 /* RootViewController.storyboard in Resources */,
				989DA4902AE26D8800054926 /* Assets.xcassets in Resources */,
			);
			runOnlyForDeploymentPostprocessing = 0;
		};
		989DA4972AE26D8800054926 /* Resources */ = {
			isa = PBXResourcesBuildPhase;
			buildActionMask = 2147483647;
			files = (
			);
			runOnlyForDeploymentPostprocessing = 0;
		};
		989DA4A12AE26D8800054926 /* Resources */ = {
			isa = PBXResourcesBuildPhase;
			buildActionMask = 2147483647;
			files = (
			);
			runOnlyForDeploymentPostprocessing = 0;
		};
/* End PBXResourcesBuildPhase section */

/* Begin PBXShellScriptBuildPhase section */
		13F84571565E2D129D9D76BB /* [CP] Embed Pods Frameworks */ = {
			isa = PBXShellScriptBuildPhase;
			buildActionMask = 2147483647;
			files = (
			);
			inputFileListPaths = (
				"${PODS_ROOT}/Target Support Files/Pods-HLNimbleiOSChallenge-HLNimbleiOSChallengeUITests/Pods-HLNimbleiOSChallenge-HLNimbleiOSChallengeUITests-frameworks-${CONFIGURATION}-input-files.xcfilelist",
			);
			name = "[CP] Embed Pods Frameworks";
			outputFileListPaths = (
				"${PODS_ROOT}/Target Support Files/Pods-HLNimbleiOSChallenge-HLNimbleiOSChallengeUITests/Pods-HLNimbleiOSChallenge-HLNimbleiOSChallengeUITests-frameworks-${CONFIGURATION}-output-files.xcfilelist",
			);
			runOnlyForDeploymentPostprocessing = 0;
			shellPath = /bin/sh;
			shellScript = "\"${PODS_ROOT}/Target Support Files/Pods-HLNimbleiOSChallenge-HLNimbleiOSChallengeUITests/Pods-HLNimbleiOSChallenge-HLNimbleiOSChallengeUITests-frameworks.sh\"\n";
			showEnvVarsInLog = 0;
		};
		1736A51363BC3C2C222AF6A6 /* [CP] Check Pods Manifest.lock */ = {
			isa = PBXShellScriptBuildPhase;
			buildActionMask = 2147483647;
			files = (
			);
			inputFileListPaths = (
			);
			inputPaths = (
				"${PODS_PODFILE_DIR_PATH}/Podfile.lock",
				"${PODS_ROOT}/Manifest.lock",
			);
			name = "[CP] Check Pods Manifest.lock";
			outputFileListPaths = (
			);
			outputPaths = (
				"$(DERIVED_FILE_DIR)/Pods-HLNimbleiOSChallenge-checkManifestLockResult.txt",
			);
			runOnlyForDeploymentPostprocessing = 0;
			shellPath = /bin/sh;
			shellScript = "diff \"${PODS_PODFILE_DIR_PATH}/Podfile.lock\" \"${PODS_ROOT}/Manifest.lock\" > /dev/null\nif [ $? != 0 ] ; then\n    # print error to STDERR\n    echo \"error: The sandbox is not in sync with the Podfile.lock. Run 'pod install' or update your CocoaPods installation.\" >&2\n    exit 1\nfi\n# This output is used by Xcode 'outputs' to avoid re-running this script phase.\necho \"SUCCESS\" > \"${SCRIPT_OUTPUT_FILE_0}\"\n";
			showEnvVarsInLog = 0;
		};
		643F7411C8B9ACB463A32D49 /* [CP] Embed Pods Frameworks */ = {
			isa = PBXShellScriptBuildPhase;
			buildActionMask = 2147483647;
			files = (
			);
			inputFileListPaths = (
				"${PODS_ROOT}/Target Support Files/Pods-HLNimbleiOSChallenge/Pods-HLNimbleiOSChallenge-frameworks-${CONFIGURATION}-input-files.xcfilelist",
			);
			name = "[CP] Embed Pods Frameworks";
			outputFileListPaths = (
				"${PODS_ROOT}/Target Support Files/Pods-HLNimbleiOSChallenge/Pods-HLNimbleiOSChallenge-frameworks-${CONFIGURATION}-output-files.xcfilelist",
			);
			runOnlyForDeploymentPostprocessing = 0;
			shellPath = /bin/sh;
			shellScript = "\"${PODS_ROOT}/Target Support Files/Pods-HLNimbleiOSChallenge/Pods-HLNimbleiOSChallenge-frameworks.sh\"\n";
			showEnvVarsInLog = 0;
		};
		89A2A12628F1ED657248A9D1 /* [CP] Check Pods Manifest.lock */ = {
			isa = PBXShellScriptBuildPhase;
			buildActionMask = 2147483647;
			files = (
			);
			inputFileListPaths = (
			);
			inputPaths = (
				"${PODS_PODFILE_DIR_PATH}/Podfile.lock",
				"${PODS_ROOT}/Manifest.lock",
			);
			name = "[CP] Check Pods Manifest.lock";
			outputFileListPaths = (
			);
			outputPaths = (
				"$(DERIVED_FILE_DIR)/Pods-HLNimbleiOSChallengeTests-checkManifestLockResult.txt",
			);
			runOnlyForDeploymentPostprocessing = 0;
			shellPath = /bin/sh;
			shellScript = "diff \"${PODS_PODFILE_DIR_PATH}/Podfile.lock\" \"${PODS_ROOT}/Manifest.lock\" > /dev/null\nif [ $? != 0 ] ; then\n    # print error to STDERR\n    echo \"error: The sandbox is not in sync with the Podfile.lock. Run 'pod install' or update your CocoaPods installation.\" >&2\n    exit 1\nfi\n# This output is used by Xcode 'outputs' to avoid re-running this script phase.\necho \"SUCCESS\" > \"${SCRIPT_OUTPUT_FILE_0}\"\n";
			showEnvVarsInLog = 0;
		};
		8C76FC5CE54AB943B2170D37 /* [CP] Check Pods Manifest.lock */ = {
			isa = PBXShellScriptBuildPhase;
			buildActionMask = 2147483647;
			files = (
			);
			inputFileListPaths = (
			);
			inputPaths = (
				"${PODS_PODFILE_DIR_PATH}/Podfile.lock",
				"${PODS_ROOT}/Manifest.lock",
			);
			name = "[CP] Check Pods Manifest.lock";
			outputFileListPaths = (
			);
			outputPaths = (
				"$(DERIVED_FILE_DIR)/Pods-HLNimbleiOSChallenge-HLNimbleiOSChallengeUITests-checkManifestLockResult.txt",
			);
			runOnlyForDeploymentPostprocessing = 0;
			shellPath = /bin/sh;
			shellScript = "diff \"${PODS_PODFILE_DIR_PATH}/Podfile.lock\" \"${PODS_ROOT}/Manifest.lock\" > /dev/null\nif [ $? != 0 ] ; then\n    # print error to STDERR\n    echo \"error: The sandbox is not in sync with the Podfile.lock. Run 'pod install' or update your CocoaPods installation.\" >&2\n    exit 1\nfi\n# This output is used by Xcode 'outputs' to avoid re-running this script phase.\necho \"SUCCESS\" > \"${SCRIPT_OUTPUT_FILE_0}\"\n";
			showEnvVarsInLog = 0;
		};
/* End PBXShellScriptBuildPhase section */

/* Begin PBXSourcesBuildPhase section */
		989DA47F2AE26D8700054926 /* Sources */ = {
			isa = PBXSourcesBuildPhase;
			buildActionMask = 2147483647;
			files = (
				989DA4872AE26D8700054926 /* AppDelegate.swift in Sources */,
				980AB8BB2AE843A200CFBEBB /* DefaultSurveyRepository.swift in Sources */,
				989DA4D12AE2D9F600054926 /* CustomTextField.swift in Sources */,
				980AB8882AE700EB00CFBEBB /* UIViewController+Ext.swift in Sources */,
				989DA5042AE5399F00054926 /* RootViewModel.swift in Sources */,
				989DA4892AE26D8700054926 /* SceneDelegate.swift in Sources */,
				989DA54E2AE6605600054926 /* CoreDataUserResponseStorage.swift in Sources */,
				989DA54A2AE65E2E00054926 /* CoreDataStorage.xcdatamodeld in Sources */,
				980AB8922AE78A8100CFBEBB /* LoginViewModel.swift in Sources */,
				989DA4D92AE2E77F00054926 /* LoadingView.swift in Sources */,
				989DA5512AE6612F00054926 /* UserResponseEntity+Mapping.swift in Sources */,
				989DA5362AE6351500054926 /* RootFlowCoordinator.swift in Sources */,
				989DA4F82AE45CBD00054926 /* HomeSceneDIContainer.swift in Sources */,
				980AB88E2AE77A2900CFBEBB /* HomeViewController.swift in Sources */,
				989DA5382AE63D2600054926 /* FetchRecentUserUseCase.swift in Sources */,
				980AB8962AE7932C00CFBEBB /* LoginUseCase.swift in Sources */,
				989DA4DE2AE2EC9400054926 /* AppFlowCoordinator.swift in Sources */,
				989DA4CC2AE2D29A00054926 /* ForgotPasswordViewController.swift in Sources */,
				980AB89E2AE7B6C500CFBEBB /* ThankYouViewController.swift in Sources */,
				989DA5092AE5F94E00054926 /* ConnectionError.swift in Sources */,
				989DA53C2AE64C5F00054926 /* DefaultUserRepository.swift in Sources */,
				989DA51A2AE5FCE200054926 /* UseCase.swift in Sources */,
				989DA4D32AE2DDD300054926 /* CustomButton.swift in Sources */,
				989DA4F02AE42DC000054926 /* NetworkConfig.swift in Sources */,
				989DA5332AE631FC00054926 /* RootSceneDIContainer.swift in Sources */,
				989DA4BB2AE2840F00054926 /* AppConfigurations.swift in Sources */,
				989DA51E2AE5FEEB00054926 /* Question.swift in Sources */,
				989DA4D62AE2E5CB00054926 /* UIColor+Ext.swift in Sources */,
				989DA4E92AE4203500054926 /* DataTransferService.swift in Sources */,
				989DA50B2AE5F96400054926 /* Cancellable.swift in Sources */,
				989DA53F2AE6505700054926 /* RefreshTokenRequestDTO+Mapping.swift in Sources */,
				989DA5122AE5FC0100054926 /* APIEndpoints.swift in Sources */,
				989DA4E32AE2EE7500054926 /* LoginSceneDIContainer.swift in Sources */,
				989DA4E12AE2ECB800054926 /* AppDIContainer.swift in Sources */,
				989DA5022AE5337C00054926 /* RootViewController.swift in Sources */,
				989DA5202AE5FF2000054926 /* Survey.swift in Sources */,
				989DA5062AE53EA600054926 /* Observable.swift in Sources */,
				980AB8832AE6E51500CFBEBB /* UserDefaultsUserStorage.swift in Sources */,
				989DA5442AE651CA00054926 /* UserResponseDTO+Mapping.swift in Sources */,
				980AB8AA2AE8228A00CFBEBB /* SignInRequestDTO+Mapping.swift in Sources */,
				980AB8942AE78B9C00CFBEBB /* String+Ext.swift in Sources */,
				980AB8862AE6E5A500CFBEBB /* AuthenticationTokenUDS+Mapping.swift in Sources */,
				980AB8A82AE7B87300CFBEBB /* SurveyViewController.swift in Sources */,
				980AB87F2AE6E4C800CFBEBB /* UserStorage.swift in Sources */,
				980AB8B52AE83EA400CFBEBB /* HomeViewModel.swift in Sources */,
				989DA54C2AE65E4700054926 /* CoreDataStorage.swift in Sources */,
				989DA4FB2AE45D5000054926 /* HomeFlowCoordinator.swift in Sources */,
				989DA4DC2AE2EBC700054926 /* LoginFlowCoordinator.swift in Sources */,
				989DA5222AE6027E00054926 /* LoginModel.swift in Sources */,
				989DA5242AE6029500054926 /* HomeModel.swift in Sources */,
				989DA5422AE6517800054926 /* UserResponseStorage.swift in Sources */,
				989DA4C42AE2CE4E00054926 /* LoginViewController.swift in Sources */,
				989DA4F22AE42DF300054926 /* NetworkService.swift in Sources */,
				980AB8BE2AE845A900CFBEBB /* SurveyResponseDTO+Mapping.swift in Sources */,
				989DA50E2AE5FB8800054926 /* RepositoryTask.swift in Sources */,
				989DA4EC2AE4218300054926 /* StoryboardInstantiable.swift in Sources */,
				989DA51C2AE5FDC400054926 /* Answer.swift in Sources */,
				989DA4EE2AE42DA800054926 /* Endpoint.swift in Sources */,
				989DA53A2AE6408C00054926 /* UserRepository.swift in Sources */,
				980AB8B32AE83B4200CFBEBB /* InfoSlideView.swift in Sources */,
				989DA4B92AE27FB100054926 /* AppAppearance.swift in Sources */,
				980AB8B72AE83F4E00CFBEBB /* HomeUseCase.swift in Sources */,
				989DA5462AE656E200054926 /* User.swift in Sources */,
				980AB8B92AE8425700CFBEBB /* SurveyRepository.swift in Sources */,
			);
			runOnlyForDeploymentPostprocessing = 0;
		};
		989DA4952AE26D8800054926 /* Sources */ = {
			isa = PBXSourcesBuildPhase;
			buildActionMask = 2147483647;
			files = (
				989DA49E2AE26D8800054926 /* HLNimbleiOSChallengeTests.swift in Sources */,
			);
			runOnlyForDeploymentPostprocessing = 0;
		};
		989DA49F2AE26D8800054926 /* Sources */ = {
			isa = PBXSourcesBuildPhase;
			buildActionMask = 2147483647;
			files = (
				989DA4A82AE26D8800054926 /* HLNimbleiOSChallengeUITests.swift in Sources */,
				989DA4AA2AE26D8800054926 /* HLNimbleiOSChallengeUITestsLaunchTests.swift in Sources */,
			);
			runOnlyForDeploymentPostprocessing = 0;
		};
/* End PBXSourcesBuildPhase section */

/* Begin PBXTargetDependency section */
		989DA49B2AE26D8800054926 /* PBXTargetDependency */ = {
			isa = PBXTargetDependency;
			target = 989DA4822AE26D8700054926 /* HLNimbleiOSChallenge */;
			targetProxy = 989DA49A2AE26D8800054926 /* PBXContainerItemProxy */;
		};
		989DA4A52AE26D8800054926 /* PBXTargetDependency */ = {
			isa = PBXTargetDependency;
			target = 989DA4822AE26D8700054926 /* HLNimbleiOSChallenge */;
			targetProxy = 989DA4A42AE26D8800054926 /* PBXContainerItemProxy */;
		};
/* End PBXTargetDependency section */

/* Begin PBXVariantGroup section */
		989DA4912AE26D8800054926 /* LaunchScreen.storyboard */ = {
			isa = PBXVariantGroup;
			children = (
				989DA4922AE26D8800054926 /* Base */,
			);
			name = LaunchScreen.storyboard;
			sourceTree = "<group>";
		};
/* End PBXVariantGroup section */

/* Begin XCBuildConfiguration section */
		989DA4AB2AE26D8800054926 /* Debug */ = {
			isa = XCBuildConfiguration;
			buildSettings = {
				ALWAYS_SEARCH_USER_PATHS = NO;
				CLANG_ANALYZER_NONNULL = YES;
				CLANG_ANALYZER_NUMBER_OBJECT_CONVERSION = YES_AGGRESSIVE;
				CLANG_CXX_LANGUAGE_STANDARD = "gnu++20";
				CLANG_ENABLE_MODULES = YES;
				CLANG_ENABLE_OBJC_ARC = YES;
				CLANG_ENABLE_OBJC_WEAK = YES;
				CLANG_WARN_BLOCK_CAPTURE_AUTORELEASING = YES;
				CLANG_WARN_BOOL_CONVERSION = YES;
				CLANG_WARN_COMMA = YES;
				CLANG_WARN_CONSTANT_CONVERSION = YES;
				CLANG_WARN_DEPRECATED_OBJC_IMPLEMENTATIONS = YES;
				CLANG_WARN_DIRECT_OBJC_ISA_USAGE = YES_ERROR;
				CLANG_WARN_DOCUMENTATION_COMMENTS = YES;
				CLANG_WARN_EMPTY_BODY = YES;
				CLANG_WARN_ENUM_CONVERSION = YES;
				CLANG_WARN_INFINITE_RECURSION = YES;
				CLANG_WARN_INT_CONVERSION = YES;
				CLANG_WARN_NON_LITERAL_NULL_CONVERSION = YES;
				CLANG_WARN_OBJC_IMPLICIT_RETAIN_SELF = YES;
				CLANG_WARN_OBJC_LITERAL_CONVERSION = YES;
				CLANG_WARN_OBJC_ROOT_CLASS = YES_ERROR;
				CLANG_WARN_QUOTED_INCLUDE_IN_FRAMEWORK_HEADER = YES;
				CLANG_WARN_RANGE_LOOP_ANALYSIS = YES;
				CLANG_WARN_STRICT_PROTOTYPES = YES;
				CLANG_WARN_SUSPICIOUS_MOVE = YES;
				CLANG_WARN_UNGUARDED_AVAILABILITY = YES_AGGRESSIVE;
				CLANG_WARN_UNREACHABLE_CODE = YES;
				CLANG_WARN__DUPLICATE_METHOD_MATCH = YES;
				COPY_PHASE_STRIP = NO;
				DEBUG_INFORMATION_FORMAT = dwarf;
				ENABLE_STRICT_OBJC_MSGSEND = YES;
				ENABLE_TESTABILITY = YES;
				GCC_C_LANGUAGE_STANDARD = gnu11;
				GCC_DYNAMIC_NO_PIC = NO;
				GCC_NO_COMMON_BLOCKS = YES;
				GCC_OPTIMIZATION_LEVEL = 0;
				GCC_PREPROCESSOR_DEFINITIONS = (
					"DEBUG=1",
					"$(inherited)",
				);
				GCC_WARN_64_TO_32_BIT_CONVERSION = YES;
				GCC_WARN_ABOUT_RETURN_TYPE = YES_ERROR;
				GCC_WARN_UNDECLARED_SELECTOR = YES;
				GCC_WARN_UNINITIALIZED_AUTOS = YES_AGGRESSIVE;
				GCC_WARN_UNUSED_FUNCTION = YES;
				GCC_WARN_UNUSED_VARIABLE = YES;
				IPHONEOS_DEPLOYMENT_TARGET = 16.4;
				MTL_ENABLE_DEBUG_INFO = INCLUDE_SOURCE;
				MTL_FAST_MATH = YES;
				ONLY_ACTIVE_ARCH = YES;
				SDKROOT = iphoneos;
				SWIFT_ACTIVE_COMPILATION_CONDITIONS = DEBUG;
				SWIFT_OPTIMIZATION_LEVEL = "-Onone";
			};
			name = Debug;
		};
		989DA4AC2AE26D8800054926 /* Release */ = {
			isa = XCBuildConfiguration;
			buildSettings = {
				ALWAYS_SEARCH_USER_PATHS = NO;
				CLANG_ANALYZER_NONNULL = YES;
				CLANG_ANALYZER_NUMBER_OBJECT_CONVERSION = YES_AGGRESSIVE;
				CLANG_CXX_LANGUAGE_STANDARD = "gnu++20";
				CLANG_ENABLE_MODULES = YES;
				CLANG_ENABLE_OBJC_ARC = YES;
				CLANG_ENABLE_OBJC_WEAK = YES;
				CLANG_WARN_BLOCK_CAPTURE_AUTORELEASING = YES;
				CLANG_WARN_BOOL_CONVERSION = YES;
				CLANG_WARN_COMMA = YES;
				CLANG_WARN_CONSTANT_CONVERSION = YES;
				CLANG_WARN_DEPRECATED_OBJC_IMPLEMENTATIONS = YES;
				CLANG_WARN_DIRECT_OBJC_ISA_USAGE = YES_ERROR;
				CLANG_WARN_DOCUMENTATION_COMMENTS = YES;
				CLANG_WARN_EMPTY_BODY = YES;
				CLANG_WARN_ENUM_CONVERSION = YES;
				CLANG_WARN_INFINITE_RECURSION = YES;
				CLANG_WARN_INT_CONVERSION = YES;
				CLANG_WARN_NON_LITERAL_NULL_CONVERSION = YES;
				CLANG_WARN_OBJC_IMPLICIT_RETAIN_SELF = YES;
				CLANG_WARN_OBJC_LITERAL_CONVERSION = YES;
				CLANG_WARN_OBJC_ROOT_CLASS = YES_ERROR;
				CLANG_WARN_QUOTED_INCLUDE_IN_FRAMEWORK_HEADER = YES;
				CLANG_WARN_RANGE_LOOP_ANALYSIS = YES;
				CLANG_WARN_STRICT_PROTOTYPES = YES;
				CLANG_WARN_SUSPICIOUS_MOVE = YES;
				CLANG_WARN_UNGUARDED_AVAILABILITY = YES_AGGRESSIVE;
				CLANG_WARN_UNREACHABLE_CODE = YES;
				CLANG_WARN__DUPLICATE_METHOD_MATCH = YES;
				COPY_PHASE_STRIP = NO;
				DEBUG_INFORMATION_FORMAT = "dwarf-with-dsym";
				ENABLE_NS_ASSERTIONS = NO;
				ENABLE_STRICT_OBJC_MSGSEND = YES;
				GCC_C_LANGUAGE_STANDARD = gnu11;
				GCC_NO_COMMON_BLOCKS = YES;
				GCC_WARN_64_TO_32_BIT_CONVERSION = YES;
				GCC_WARN_ABOUT_RETURN_TYPE = YES_ERROR;
				GCC_WARN_UNDECLARED_SELECTOR = YES;
				GCC_WARN_UNINITIALIZED_AUTOS = YES_AGGRESSIVE;
				GCC_WARN_UNUSED_FUNCTION = YES;
				GCC_WARN_UNUSED_VARIABLE = YES;
				IPHONEOS_DEPLOYMENT_TARGET = 16.4;
				MTL_ENABLE_DEBUG_INFO = NO;
				MTL_FAST_MATH = YES;
				SDKROOT = iphoneos;
				SWIFT_COMPILATION_MODE = wholemodule;
				SWIFT_OPTIMIZATION_LEVEL = "-O";
				VALIDATE_PRODUCT = YES;
			};
			name = Release;
		};
		989DA4AE2AE26D8800054926 /* Debug */ = {
			isa = XCBuildConfiguration;
			baseConfigurationReference = 10B7CF9100ABEC8DF95E2187 /* Pods-HLNimbleiOSChallenge.debug.xcconfig */;
			buildSettings = {
				ASSETCATALOG_COMPILER_APPICON_NAME = AppIcon;
				ASSETCATALOG_COMPILER_GLOBAL_ACCENT_COLOR_NAME = AccentColor;
				CLIENT_ID = "ofzl-2h5ympKa0WqqTzqlVJUiRsxmXQmt5tkgrlWnOE";
				CLIENT_SECRET = "lMQb900L-mTeU-FVTCwyhjsfBwRCxwwbCitPob96cuU";
				CODE_SIGN_STYLE = Automatic;
				CURRENT_PROJECT_VERSION = 1;
				DEVELOPMENT_TEAM = H45E9F8W3K;
				GENERATE_INFOPLIST_FILE = YES;
				INFOPLIST_FILE = HLNimbleiOSChallenge/Resources/Info.plist;
				INFOPLIST_KEY_UIApplicationSupportsIndirectInputEvents = YES;
				INFOPLIST_KEY_UILaunchStoryboardName = LaunchScreen;
				INFOPLIST_KEY_UIStatusBarStyle = UIStatusBarStyleLightContent;
				INFOPLIST_KEY_UISupportedInterfaceOrientations_iPad = "UIInterfaceOrientationPortrait UIInterfaceOrientationPortraitUpsideDown UIInterfaceOrientationLandscapeLeft UIInterfaceOrientationLandscapeRight";
				INFOPLIST_KEY_UISupportedInterfaceOrientations_iPhone = "UIInterfaceOrientationPortrait UIInterfaceOrientationLandscapeLeft UIInterfaceOrientationLandscapeRight";
				IPHONEOS_DEPLOYMENT_TARGET = 13.0;
				LD_RUNPATH_SEARCH_PATHS = (
					"$(inherited)",
					"@executable_path/Frameworks",
				);
				MARKETING_VERSION = 1.0;
				PRODUCT_BUNDLE_IDENTIFIER = com.luonghan.HLNimbleiOSChallenge;
				PRODUCT_NAME = "$(TARGET_NAME)";
				ROOT_URL = "https://survey-api.nimblehq.co/";
				SWIFT_EMIT_LOC_STRINGS = YES;
				SWIFT_VERSION = 5.0;
				TARGETED_DEVICE_FAMILY = "1,2";
			};
			name = Debug;
		};
		989DA4AF2AE26D8800054926 /* Release */ = {
			isa = XCBuildConfiguration;
			baseConfigurationReference = 1CF12F0DFA57974E93A325D8 /* Pods-HLNimbleiOSChallenge.release.xcconfig */;
			buildSettings = {
				ASSETCATALOG_COMPILER_APPICON_NAME = AppIcon;
				ASSETCATALOG_COMPILER_GLOBAL_ACCENT_COLOR_NAME = AccentColor;
				CLIENT_ID = "ofzl-2h5ympKa0WqqTzqlVJUiRsxmXQmt5tkgrlWnOE";
				CLIENT_SECRET = "lMQb900L-mTeU-FVTCwyhjsfBwRCxwwbCitPob96cuU";
				CODE_SIGN_STYLE = Automatic;
				CURRENT_PROJECT_VERSION = 1;
				DEVELOPMENT_TEAM = H45E9F8W3K;
				GENERATE_INFOPLIST_FILE = YES;
				INFOPLIST_FILE = HLNimbleiOSChallenge/Resources/Info.plist;
				INFOPLIST_KEY_UIApplicationSupportsIndirectInputEvents = YES;
				INFOPLIST_KEY_UILaunchStoryboardName = LaunchScreen;
				INFOPLIST_KEY_UIStatusBarStyle = UIStatusBarStyleLightContent;
				INFOPLIST_KEY_UISupportedInterfaceOrientations_iPad = "UIInterfaceOrientationPortrait UIInterfaceOrientationPortraitUpsideDown UIInterfaceOrientationLandscapeLeft UIInterfaceOrientationLandscapeRight";
				INFOPLIST_KEY_UISupportedInterfaceOrientations_iPhone = "UIInterfaceOrientationPortrait UIInterfaceOrientationLandscapeLeft UIInterfaceOrientationLandscapeRight";
				IPHONEOS_DEPLOYMENT_TARGET = 13.0;
				LD_RUNPATH_SEARCH_PATHS = (
					"$(inherited)",
					"@executable_path/Frameworks",
				);
				MARKETING_VERSION = 1.0;
				PRODUCT_BUNDLE_IDENTIFIER = com.luonghan.HLNimbleiOSChallenge;
				PRODUCT_NAME = "$(TARGET_NAME)";
				ROOT_URL = "https://nimble-survey-web-staging.herokuapp.com/";
				SWIFT_EMIT_LOC_STRINGS = YES;
				SWIFT_VERSION = 5.0;
				TARGETED_DEVICE_FAMILY = "1,2";
			};
			name = Release;
		};
		989DA4B12AE26D8800054926 /* Debug */ = {
			isa = XCBuildConfiguration;
			baseConfigurationReference = ED8C103A389A357F7246E919 /* Pods-HLNimbleiOSChallengeTests.debug.xcconfig */;
			buildSettings = {
				ALWAYS_EMBED_SWIFT_STANDARD_LIBRARIES = YES;
				BUNDLE_LOADER = "$(TEST_HOST)";
				CODE_SIGN_STYLE = Automatic;
				CURRENT_PROJECT_VERSION = 1;
				DEVELOPMENT_TEAM = H45E9F8W3K;
				GENERATE_INFOPLIST_FILE = YES;
				IPHONEOS_DEPLOYMENT_TARGET = 16.4;
				MARKETING_VERSION = 1.0;
				PRODUCT_BUNDLE_IDENTIFIER = com.luonghan.HLNimbleiOSChallengeTests;
				PRODUCT_NAME = "$(TARGET_NAME)";
				SWIFT_EMIT_LOC_STRINGS = NO;
				SWIFT_VERSION = 5.0;
				TARGETED_DEVICE_FAMILY = "1,2";
				TEST_HOST = "$(BUILT_PRODUCTS_DIR)/HLNimbleiOSChallenge.app/$(BUNDLE_EXECUTABLE_FOLDER_PATH)/HLNimbleiOSChallenge";
			};
			name = Debug;
		};
		989DA4B22AE26D8800054926 /* Release */ = {
			isa = XCBuildConfiguration;
			baseConfigurationReference = BFA87B47881D1AD4A201CF7E /* Pods-HLNimbleiOSChallengeTests.release.xcconfig */;
			buildSettings = {
				ALWAYS_EMBED_SWIFT_STANDARD_LIBRARIES = YES;
				BUNDLE_LOADER = "$(TEST_HOST)";
				CODE_SIGN_STYLE = Automatic;
				CURRENT_PROJECT_VERSION = 1;
				DEVELOPMENT_TEAM = H45E9F8W3K;
				GENERATE_INFOPLIST_FILE = YES;
				IPHONEOS_DEPLOYMENT_TARGET = 16.4;
				MARKETING_VERSION = 1.0;
				PRODUCT_BUNDLE_IDENTIFIER = com.luonghan.HLNimbleiOSChallengeTests;
				PRODUCT_NAME = "$(TARGET_NAME)";
				SWIFT_EMIT_LOC_STRINGS = NO;
				SWIFT_VERSION = 5.0;
				TARGETED_DEVICE_FAMILY = "1,2";
				TEST_HOST = "$(BUILT_PRODUCTS_DIR)/HLNimbleiOSChallenge.app/$(BUNDLE_EXECUTABLE_FOLDER_PATH)/HLNimbleiOSChallenge";
			};
			name = Release;
		};
		989DA4B42AE26D8800054926 /* Debug */ = {
			isa = XCBuildConfiguration;
			baseConfigurationReference = F129BA343A4B65F945346A30 /* Pods-HLNimbleiOSChallenge-HLNimbleiOSChallengeUITests.debug.xcconfig */;
			buildSettings = {
				ALWAYS_EMBED_SWIFT_STANDARD_LIBRARIES = YES;
				CODE_SIGN_STYLE = Automatic;
				CURRENT_PROJECT_VERSION = 1;
				DEVELOPMENT_TEAM = H45E9F8W3K;
				GENERATE_INFOPLIST_FILE = YES;
				MARKETING_VERSION = 1.0;
				PRODUCT_BUNDLE_IDENTIFIER = com.luonghan.HLNimbleiOSChallengeUITests;
				PRODUCT_NAME = "$(TARGET_NAME)";
				SWIFT_EMIT_LOC_STRINGS = NO;
				SWIFT_VERSION = 5.0;
				TARGETED_DEVICE_FAMILY = "1,2";
				TEST_TARGET_NAME = HLNimbleiOSChallenge;
			};
			name = Debug;
		};
		989DA4B52AE26D8800054926 /* Release */ = {
			isa = XCBuildConfiguration;
			baseConfigurationReference = 00356305B99D16C0CBCEC07B /* Pods-HLNimbleiOSChallenge-HLNimbleiOSChallengeUITests.release.xcconfig */;
			buildSettings = {
				ALWAYS_EMBED_SWIFT_STANDARD_LIBRARIES = YES;
				CODE_SIGN_STYLE = Automatic;
				CURRENT_PROJECT_VERSION = 1;
				DEVELOPMENT_TEAM = H45E9F8W3K;
				GENERATE_INFOPLIST_FILE = YES;
				MARKETING_VERSION = 1.0;
				PRODUCT_BUNDLE_IDENTIFIER = com.luonghan.HLNimbleiOSChallengeUITests;
				PRODUCT_NAME = "$(TARGET_NAME)";
				SWIFT_EMIT_LOC_STRINGS = NO;
				SWIFT_VERSION = 5.0;
				TARGETED_DEVICE_FAMILY = "1,2";
				TEST_TARGET_NAME = HLNimbleiOSChallenge;
			};
			name = Release;
		};
/* End XCBuildConfiguration section */

/* Begin XCConfigurationList section */
		989DA47E2AE26D8700054926 /* Build configuration list for PBXProject "HLNimbleiOSChallenge" */ = {
			isa = XCConfigurationList;
			buildConfigurations = (
				989DA4AB2AE26D8800054926 /* Debug */,
				989DA4AC2AE26D8800054926 /* Release */,
			);
			defaultConfigurationIsVisible = 0;
			defaultConfigurationName = Release;
		};
		989DA4AD2AE26D8800054926 /* Build configuration list for PBXNativeTarget "HLNimbleiOSChallenge" */ = {
			isa = XCConfigurationList;
			buildConfigurations = (
				989DA4AE2AE26D8800054926 /* Debug */,
				989DA4AF2AE26D8800054926 /* Release */,
			);
			defaultConfigurationIsVisible = 0;
			defaultConfigurationName = Release;
		};
		989DA4B02AE26D8800054926 /* Build configuration list for PBXNativeTarget "HLNimbleiOSChallengeTests" */ = {
			isa = XCConfigurationList;
			buildConfigurations = (
				989DA4B12AE26D8800054926 /* Debug */,
				989DA4B22AE26D8800054926 /* Release */,
			);
			defaultConfigurationIsVisible = 0;
			defaultConfigurationName = Release;
		};
		989DA4B32AE26D8800054926 /* Build configuration list for PBXNativeTarget "HLNimbleiOSChallengeUITests" */ = {
			isa = XCConfigurationList;
			buildConfigurations = (
				989DA4B42AE26D8800054926 /* Debug */,
				989DA4B52AE26D8800054926 /* Release */,
			);
			defaultConfigurationIsVisible = 0;
			defaultConfigurationName = Release;
		};
/* End XCConfigurationList section */

/* Begin XCVersionGroup section */
		989DA5482AE65E2E00054926 /* CoreDataStorage.xcdatamodeld */ = {
			isa = XCVersionGroup;
			children = (
				989DA5522AE663A300054926 /* CoreDataStorage 2.xcdatamodel */,
				989DA5492AE65E2E00054926 /* CoreDataStorage.xcdatamodel */,
			);
			currentVersion = 989DA5492AE65E2E00054926 /* CoreDataStorage.xcdatamodel */;
			path = CoreDataStorage.xcdatamodeld;
			sourceTree = "<group>";
			versionGroupType = wrapper.xcdatamodel;
		};
/* End XCVersionGroup section */
	};
	rootObject = 989DA47B2AE26D8700054926 /* Project object */;
}
